// !$*UTF8*$!
{
	archiveVersion = 1;
	classes = {
	};
	objectVersion = 46;
	objects = {

/* Begin PBXBuildFile section */
		AE933D5F1736F725009EAF41 /* OpenGLES.framework in Frameworks */ = {isa = PBXBuildFile; fileRef = AE933D5E1736F725009EAF41 /* OpenGLES.framework */; };
		AE933D611736F731009EAF41 /* GLKit.framework in Frameworks */ = {isa = PBXBuildFile; fileRef = AE933D601736F731009EAF41 /* GLKit.framework */; };
		AE933D6317370EE0009EAF41 /* cellbg.png in Resources */ = {isa = PBXBuildFile; fileRef = AE933D6217370EE0009EAF41 /* cellbg.png */; };
		AE933D691737A78B009EAF41 /* facebook-like-5-icon.png in Resources */ = {isa = PBXBuildFile; fileRef = AE933D641737A78B009EAF41 /* facebook-like-5-icon.png */; };
		AE933D6A1737A78B009EAF41 /* favorite-2-icon.png in Resources */ = {isa = PBXBuildFile; fileRef = AE933D651737A78B009EAF41 /* favorite-2-icon.png */; };
		AE933D6B1737A78B009EAF41 /* favorite-3-icon.png in Resources */ = {isa = PBXBuildFile; fileRef = AE933D661737A78B009EAF41 /* favorite-3-icon.png */; };
		AE933D6C1737A78B009EAF41 /* inbox-8-icon.png in Resources */ = {isa = PBXBuildFile; fileRef = AE933D671737A78B009EAF41 /* inbox-8-icon.png */; };
		AE933D6D1737A78B009EAF41 /* twitter-5-icon.png in Resources */ = {isa = PBXBuildFile; fileRef = AE933D681737A78B009EAF41 /* twitter-5-icon.png */; };
		AE933D6F173A3AE6009EAF41 /* QuartzCore.framework in Frameworks */ = {isa = PBXBuildFile; fileRef = AE933D6E173A3AE6009EAF41 /* QuartzCore.framework */; };
		AE933D70173A4B6E009EAF41 /* Shader_2.fsh in Resources */ = {isa = PBXBuildFile; fileRef = AE933D571736F601009EAF41 /* Shader_2.fsh */; };
		AE933D71173A4B6E009EAF41 /* Shader.vsh in Resources */ = {isa = PBXBuildFile; fileRef = AE933D581736F601009EAF41 /* Shader.vsh */; };
		AEA3B5401730E6C700786DA2 /* UIKit.framework in Frameworks */ = {isa = PBXBuildFile; fileRef = AEA3B53F1730E6C700786DA2 /* UIKit.framework */; };
		AEA3B5421730E6C700786DA2 /* Foundation.framework in Frameworks */ = {isa = PBXBuildFile; fileRef = AEA3B5411730E6C700786DA2 /* Foundation.framework */; };
		AEA3B5441730E6C700786DA2 /* CoreGraphics.framework in Frameworks */ = {isa = PBXBuildFile; fileRef = AEA3B5431730E6C700786DA2 /* CoreGraphics.framework */; };
		AEA3B54A1730E6C700786DA2 /* InfoPlist.strings in Resources */ = {isa = PBXBuildFile; fileRef = AEA3B5481730E6C700786DA2 /* InfoPlist.strings */; };
		AEA3B54C1730E6C700786DA2 /* main.m in Sources */ = {isa = PBXBuildFile; fileRef = AEA3B54B1730E6C700786DA2 /* main.m */; };
		AEA3B5501730E6C700786DA2 /* AppDelegate.m in Sources */ = {isa = PBXBuildFile; fileRef = AEA3B54F1730E6C700786DA2 /* AppDelegate.m */; };
		AEA3B5521730E6C700786DA2 /* Default.png in Resources */ = {isa = PBXBuildFile; fileRef = AEA3B5511730E6C700786DA2 /* Default.png */; };
		AEA3B5541730E6C700786DA2 /* Default@2x.png in Resources */ = {isa = PBXBuildFile; fileRef = AEA3B5531730E6C700786DA2 /* Default@2x.png */; };
		AEA3B5561730E6C700786DA2 /* Default-568h@2x.png in Resources */ = {isa = PBXBuildFile; fileRef = AEA3B5551730E6C700786DA2 /* Default-568h@2x.png */; };
		AEA3B5591730E6C700786DA2 /* MainStoryboard_iPhone.storyboard in Resources */ = {isa = PBXBuildFile; fileRef = AEA3B5571730E6C700786DA2 /* MainStoryboard_iPhone.storyboard */; };
		AEA3B55C1730E6C700786DA2 /* MainStoryboard_iPad.storyboard in Resources */ = {isa = PBXBuildFile; fileRef = AEA3B55A1730E6C700786DA2 /* MainStoryboard_iPad.storyboard */; };
		AEA3B55F1730E6C700786DA2 /* GalleryViewController.m in Sources */ = {isa = PBXBuildFile; fileRef = AEA3B55E1730E6C700786DA2 /* GalleryViewController.m */; };
		AEA3B5681730E70500786DA2 /* SWRevealViewController.m in Sources */ = {isa = PBXBuildFile; fileRef = AEA3B5671730E70500786DA2 /* SWRevealViewController.m */; };
		AEA3B57B1732327200786DA2 /* ShaderViewController.m in Sources */ = {isa = PBXBuildFile; fileRef = AEA3B5791732327200786DA2 /* ShaderViewController.m */; };
		AEA3B58617360BBA00786DA2 /* ShaderMenuViewController.m in Sources */ = {isa = PBXBuildFile; fileRef = AEA3B58517360BBA00786DA2 /* ShaderMenuViewController.m */; };
		AEA3B58E1736E82A00786DA2 /* ShaderMenuCell.m in Sources */ = {isa = PBXBuildFile; fileRef = AEA3B58D1736E82A00786DA2 /* ShaderMenuCell.m */; };
		AEA3B5901736EE8500786DA2 /* danger-8-icon.png in Resources */ = {isa = PBXBuildFile; fileRef = AEA3B58F1736EE8500786DA2 /* danger-8-icon.png */; };
		AEA3B5921736EE8B00786DA2 /* list-view-icon.png in Resources */ = {isa = PBXBuildFile; fileRef = AEA3B5911736EE8B00786DA2 /* list-view-icon.png */; };
		AEA3B5971736F3C200786DA2 /* dashboard-5-icon.png in Resources */ = {isa = PBXBuildFile; fileRef = AEA3B5961736F3C200786DA2 /* dashboard-5-icon.png */; };
		AEA3B5991736F50000786DA2 /* shuffle-3-icon.png in Resources */ = {isa = PBXBuildFile; fileRef = AEA3B5981736F50000786DA2 /* shuffle-3-icon.png */; };
		AEAE17F5174B637000764D5B /* Plane.m in Sources */ = {isa = PBXBuildFile; fileRef = AEAE17F4174B637000764D5B /* Plane.m */; };
		AEAE17F8174CC63A00764D5B /* Shader_5.fsh in Resources */ = {isa = PBXBuildFile; fileRef = AEAE17F6174CB5E200764D5B /* Shader_5.fsh */; };
		AEAE17FB174CCAFD00764D5B /* Shader_0.fsh in Resources */ = {isa = PBXBuildFile; fileRef = AEAE17F9174CC8FA00764D5B /* Shader_0.fsh */; };
		AEAE17FD174E0E3C00764D5B /* Shader_3.fsh in Resources */ = {isa = PBXBuildFile; fileRef = AEAE17FC174E0E3C00764D5B /* Shader_3.fsh */; };
		AEAE1800174E100700764D5B /* Shader_4.fsh in Resources */ = {isa = PBXBuildFile; fileRef = AEAE17FE174E0FC400764D5B /* Shader_4.fsh */; };
		AEAE1803174E109B00764D5B /* Shader_1.fsh in Resources */ = {isa = PBXBuildFile; fileRef = AEAE1801174E106E00764D5B /* Shader_1.fsh */; };
		AEAEEA6017421489003F74D3 /* ShaderInformationViewController.m in Sources */ = {isa = PBXBuildFile; fileRef = AEAEEA5E17421489003F74D3 /* ShaderInformationViewController.m */; };
		AEAEEA6117421489003F74D3 /* ShaderInformationViewController.xib in Resources */ = {isa = PBXBuildFile; fileRef = AEAEEA5F17421489003F74D3 /* ShaderInformationViewController.xib */; };
		AEAEEA6317422650003F74D3 /* share-4-icon.png in Resources */ = {isa = PBXBuildFile; fileRef = AEAEEA6217422650003F74D3 /* share-4-icon.png */; };
		AEAEEA6617422A13003F74D3 /* ShaderInformation.m in Sources */ = {isa = PBXBuildFile; fileRef = AEAEEA6517422A13003F74D3 /* ShaderInformation.m */; };
		AEAEEA6817422B1D003F74D3 /* Social.framework in Frameworks */ = {isa = PBXBuildFile; fileRef = AEAEEA6717422B1D003F74D3 /* Social.framework */; };
		AEB028281753F26100757AF8 /* ShaderView.m in Sources */ = {isa = PBXBuildFile; fileRef = AEB028271753F26100757AF8 /* ShaderView.m */; };
		AEBF32A31757503A00DEEF71 /* Default@2x.png in Resources */ = {isa = PBXBuildFile; fileRef = AEBF32A21757503A00DEEF71 /* Default@2x.png */; };
		AEBF32A51757504400DEEF71 /* Default.png in Resources */ = {isa = PBXBuildFile; fileRef = AEBF32A41757504400DEEF71 /* Default.png */; };
		AEBF32A71757504C00DEEF71 /* Default-568h@2x.png in Resources */ = {isa = PBXBuildFile; fileRef = AEBF32A61757504C00DEEF71 /* Default-568h@2x.png */; };
		AEBF32A91757506B00DEEF71 /* Default-Portrait~ipad.png in Resources */ = {isa = PBXBuildFile; fileRef = AEBF32A81757506B00DEEF71 /* Default-Portrait~ipad.png */; };
		AEBF32AB1757506D00DEEF71 /* Default-Portrait@2x~ipad.png in Resources */ = {isa = PBXBuildFile; fileRef = AEBF32AA1757506D00DEEF71 /* Default-Portrait@2x~ipad.png */; };
		AEBF32AD1757507300DEEF71 /* Default-Landscape~ipad.png in Resources */ = {isa = PBXBuildFile; fileRef = AEBF32AC1757507300DEEF71 /* Default-Landscape~ipad.png */; };
		AEBF32AF1757507500DEEF71 /* Default-Landscape@2x~ipad.png in Resources */ = {isa = PBXBuildFile; fileRef = AEBF32AE1757507500DEEF71 /* Default-Landscape@2x~ipad.png */; };
/* End PBXBuildFile section */

/* Begin PBXFileReference section */
		AE933D571736F601009EAF41 /* Shader_2.fsh */ = {isa = PBXFileReference; fileEncoding = 4; lastKnownFileType = sourcecode.glsl; path = Shader_2.fsh; sourceTree = "<group>"; };
		AE933D581736F601009EAF41 /* Shader.vsh */ = {isa = PBXFileReference; fileEncoding = 4; lastKnownFileType = sourcecode.glsl; path = Shader.vsh; sourceTree = "<group>"; };
		AE933D5E1736F725009EAF41 /* OpenGLES.framework */ = {isa = PBXFileReference; lastKnownFileType = wrapper.framework; name = OpenGLES.framework; path = System/Library/Frameworks/OpenGLES.framework; sourceTree = SDKROOT; };
		AE933D601736F731009EAF41 /* GLKit.framework */ = {isa = PBXFileReference; lastKnownFileType = wrapper.framework; name = GLKit.framework; path = System/Library/Frameworks/GLKit.framework; sourceTree = SDKROOT; };
		AE933D6217370EE0009EAF41 /* cellbg.png */ = {isa = PBXFileReference; lastKnownFileType = image.png; path = cellbg.png; sourceTree = "<group>"; };
		AE933D641737A78B009EAF41 /* facebook-like-5-icon.png */ = {isa = PBXFileReference; lastKnownFileType = image.png; path = "facebook-like-5-icon.png"; sourceTree = "<group>"; };
		AE933D651737A78B009EAF41 /* favorite-2-icon.png */ = {isa = PBXFileReference; lastKnownFileType = image.png; path = "favorite-2-icon.png"; sourceTree = "<group>"; };
		AE933D661737A78B009EAF41 /* favorite-3-icon.png */ = {isa = PBXFileReference; lastKnownFileType = image.png; path = "favorite-3-icon.png"; sourceTree = "<group>"; };
		AE933D671737A78B009EAF41 /* inbox-8-icon.png */ = {isa = PBXFileReference; lastKnownFileType = image.png; path = "inbox-8-icon.png"; sourceTree = "<group>"; };
		AE933D681737A78B009EAF41 /* twitter-5-icon.png */ = {isa = PBXFileReference; lastKnownFileType = image.png; path = "twitter-5-icon.png"; sourceTree = "<group>"; };
		AE933D6E173A3AE6009EAF41 /* QuartzCore.framework */ = {isa = PBXFileReference; lastKnownFileType = wrapper.framework; name = QuartzCore.framework; path = System/Library/Frameworks/QuartzCore.framework; sourceTree = SDKROOT; };
		AEA3B53C1730E6C700786DA2 /* ShaderToy.app */ = {isa = PBXFileReference; explicitFileType = wrapper.application; includeInIndex = 0; path = ShaderToy.app; sourceTree = BUILT_PRODUCTS_DIR; };
		AEA3B53F1730E6C700786DA2 /* UIKit.framework */ = {isa = PBXFileReference; lastKnownFileType = wrapper.framework; name = UIKit.framework; path = System/Library/Frameworks/UIKit.framework; sourceTree = SDKROOT; };
		AEA3B5411730E6C700786DA2 /* Foundation.framework */ = {isa = PBXFileReference; lastKnownFileType = wrapper.framework; name = Foundation.framework; path = System/Library/Frameworks/Foundation.framework; sourceTree = SDKROOT; };
		AEA3B5431730E6C700786DA2 /* CoreGraphics.framework */ = {isa = PBXFileReference; lastKnownFileType = wrapper.framework; name = CoreGraphics.framework; path = System/Library/Frameworks/CoreGraphics.framework; sourceTree = SDKROOT; };
		AEA3B5471730E6C700786DA2 /* ShaderToy-Info.plist */ = {isa = PBXFileReference; lastKnownFileType = text.plist.xml; path = "ShaderToy-Info.plist"; sourceTree = "<group>"; };
		AEA3B5491730E6C700786DA2 /* en */ = {isa = PBXFileReference; lastKnownFileType = text.plist.strings; name = en; path = en.lproj/InfoPlist.strings; sourceTree = "<group>"; };
		AEA3B54B1730E6C700786DA2 /* main.m */ = {isa = PBXFileReference; lastKnownFileType = sourcecode.c.objc; path = main.m; sourceTree = "<group>"; };
		AEA3B54D1730E6C700786DA2 /* ShaderToy-Prefix.pch */ = {isa = PBXFileReference; lastKnownFileType = sourcecode.c.h; path = "ShaderToy-Prefix.pch"; sourceTree = "<group>"; };
		AEA3B54E1730E6C700786DA2 /* AppDelegate.h */ = {isa = PBXFileReference; lastKnownFileType = sourcecode.c.h; path = AppDelegate.h; sourceTree = "<group>"; };
		AEA3B54F1730E6C700786DA2 /* AppDelegate.m */ = {isa = PBXFileReference; lastKnownFileType = sourcecode.c.objc; path = AppDelegate.m; sourceTree = "<group>"; };
		AEA3B5511730E6C700786DA2 /* Default.png */ = {isa = PBXFileReference; lastKnownFileType = image.png; path = Default.png; sourceTree = "<group>"; };
		AEA3B5531730E6C700786DA2 /* Default@2x.png */ = {isa = PBXFileReference; lastKnownFileType = image.png; path = "Default@2x.png"; sourceTree = "<group>"; };
		AEA3B5551730E6C700786DA2 /* Default-568h@2x.png */ = {isa = PBXFileReference; lastKnownFileType = image.png; path = "Default-568h@2x.png"; sourceTree = "<group>"; };
		AEA3B5581730E6C700786DA2 /* en */ = {isa = PBXFileReference; lastKnownFileType = file.storyboard; name = en; path = en.lproj/MainStoryboard_iPhone.storyboard; sourceTree = "<group>"; };
		AEA3B55B1730E6C700786DA2 /* en */ = {isa = PBXFileReference; lastKnownFileType = file.storyboard; name = en; path = en.lproj/MainStoryboard_iPad.storyboard; sourceTree = "<group>"; };
		AEA3B55D1730E6C700786DA2 /* GalleryViewController.h */ = {isa = PBXFileReference; lastKnownFileType = sourcecode.c.h; path = GalleryViewController.h; sourceTree = "<group>"; };
		AEA3B55E1730E6C700786DA2 /* GalleryViewController.m */ = {isa = PBXFileReference; lastKnownFileType = sourcecode.c.objc; path = GalleryViewController.m; sourceTree = "<group>"; };
		AEA3B5661730E70500786DA2 /* SWRevealViewController.h */ = {isa = PBXFileReference; fileEncoding = 4; lastKnownFileType = sourcecode.c.h; path = SWRevealViewController.h; sourceTree = "<group>"; };
		AEA3B5671730E70500786DA2 /* SWRevealViewController.m */ = {isa = PBXFileReference; fileEncoding = 4; lastKnownFileType = sourcecode.c.objc; path = SWRevealViewController.m; sourceTree = "<group>"; };
		AEA3B5781732327200786DA2 /* ShaderViewController.h */ = {isa = PBXFileReference; fileEncoding = 4; lastKnownFileType = sourcecode.c.h; path = ShaderViewController.h; sourceTree = "<group>"; };
		AEA3B5791732327200786DA2 /* ShaderViewController.m */ = {isa = PBXFileReference; fileEncoding = 4; lastKnownFileType = sourcecode.c.objc; path = ShaderViewController.m; sourceTree = "<group>"; };
		AEA3B58417360BBA00786DA2 /* ShaderMenuViewController.h */ = {isa = PBXFileReference; fileEncoding = 4; lastKnownFileType = sourcecode.c.h; path = ShaderMenuViewController.h; sourceTree = "<group>"; };
		AEA3B58517360BBA00786DA2 /* ShaderMenuViewController.m */ = {isa = PBXFileReference; fileEncoding = 4; lastKnownFileType = sourcecode.c.objc; path = ShaderMenuViewController.m; sourceTree = "<group>"; };
		AEA3B58C1736E82A00786DA2 /* ShaderMenuCell.h */ = {isa = PBXFileReference; fileEncoding = 4; lastKnownFileType = sourcecode.c.h; path = ShaderMenuCell.h; sourceTree = "<group>"; };
		AEA3B58D1736E82A00786DA2 /* ShaderMenuCell.m */ = {isa = PBXFileReference; fileEncoding = 4; lastKnownFileType = sourcecode.c.objc; path = ShaderMenuCell.m; sourceTree = "<group>"; };
		AEA3B58F1736EE8500786DA2 /* danger-8-icon.png */ = {isa = PBXFileReference; lastKnownFileType = image.png; path = "danger-8-icon.png"; sourceTree = "<group>"; };
		AEA3B5911736EE8B00786DA2 /* list-view-icon.png */ = {isa = PBXFileReference; lastKnownFileType = image.png; path = "list-view-icon.png"; sourceTree = "<group>"; };
		AEA3B5961736F3C200786DA2 /* dashboard-5-icon.png */ = {isa = PBXFileReference; lastKnownFileType = image.png; path = "dashboard-5-icon.png"; sourceTree = "<group>"; };
		AEA3B5981736F50000786DA2 /* shuffle-3-icon.png */ = {isa = PBXFileReference; lastKnownFileType = image.png; path = "shuffle-3-icon.png"; sourceTree = "<group>"; };
		AEAE17F3174B637000764D5B /* Plane.h */ = {isa = PBXFileReference; fileEncoding = 4; lastKnownFileType = sourcecode.c.h; path = Plane.h; sourceTree = "<group>"; };
		AEAE17F4174B637000764D5B /* Plane.m */ = {isa = PBXFileReference; fileEncoding = 4; lastKnownFileType = sourcecode.c.objc; path = Plane.m; sourceTree = "<group>"; };
		AEAE17F6174CB5E200764D5B /* Shader_5.fsh */ = {isa = PBXFileReference; fileEncoding = 4; lastKnownFileType = sourcecode.glsl; path = Shader_5.fsh; sourceTree = "<group>"; };
		AEAE17F9174CC8FA00764D5B /* Shader_0.fsh */ = {isa = PBXFileReference; fileEncoding = 4; lastKnownFileType = sourcecode.glsl; path = Shader_0.fsh; sourceTree = "<group>"; };
		AEAE17FC174E0E3C00764D5B /* Shader_3.fsh */ = {isa = PBXFileReference; fileEncoding = 4; lastKnownFileType = sourcecode.glsl; path = Shader_3.fsh; sourceTree = "<group>"; };
		AEAE17FE174E0FC400764D5B /* Shader_4.fsh */ = {isa = PBXFileReference; fileEncoding = 4; lastKnownFileType = sourcecode.glsl; path = Shader_4.fsh; sourceTree = "<group>"; };
		AEAE1801174E106E00764D5B /* Shader_1.fsh */ = {isa = PBXFileReference; fileEncoding = 4; lastKnownFileType = sourcecode.glsl; path = Shader_1.fsh; sourceTree = "<group>"; };
		AEAEEA5D17421489003F74D3 /* ShaderInformationViewController.h */ = {isa = PBXFileReference; fileEncoding = 4; lastKnownFileType = sourcecode.c.h; path = ShaderInformationViewController.h; sourceTree = "<group>"; };
		AEAEEA5E17421489003F74D3 /* ShaderInformationViewController.m */ = {isa = PBXFileReference; fileEncoding = 4; lastKnownFileType = sourcecode.c.objc; path = ShaderInformationViewController.m; sourceTree = "<group>"; };
		AEAEEA5F17421489003F74D3 /* ShaderInformationViewController.xib */ = {isa = PBXFileReference; fileEncoding = 4; lastKnownFileType = file.xib; path = ShaderInformationViewController.xib; sourceTree = "<group>"; };
		AEAEEA6217422650003F74D3 /* share-4-icon.png */ = {isa = PBXFileReference; lastKnownFileType = image.png; path = "share-4-icon.png"; sourceTree = "<group>"; };
		AEAEEA6417422A13003F74D3 /* ShaderInformation.h */ = {isa = PBXFileReference; fileEncoding = 4; lastKnownFileType = sourcecode.c.h; path = ShaderInformation.h; sourceTree = "<group>"; };
		AEAEEA6517422A13003F74D3 /* ShaderInformation.m */ = {isa = PBXFileReference; fileEncoding = 4; lastKnownFileType = sourcecode.c.objc; path = ShaderInformation.m; sourceTree = "<group>"; };
		AEAEEA6717422B1D003F74D3 /* Social.framework */ = {isa = PBXFileReference; lastKnownFileType = wrapper.framework; name = Social.framework; path = System/Library/Frameworks/Social.framework; sourceTree = SDKROOT; };
		AEB028261753F26100757AF8 /* ShaderView.h */ = {isa = PBXFileReference; fileEncoding = 4; lastKnownFileType = sourcecode.c.h; path = ShaderView.h; sourceTree = "<group>"; };
		AEB028271753F26100757AF8 /* ShaderView.m */ = {isa = PBXFileReference; fileEncoding = 4; lastKnownFileType = sourcecode.c.objc; path = ShaderView.m; sourceTree = "<group>"; };
		AEBF32A21757503A00DEEF71 /* Default@2x.png */ = {isa = PBXFileReference; lastKnownFileType = image.png; name = "Default@2x.png"; path = "../Default@2x.png"; sourceTree = "<group>"; };
		AEBF32A41757504400DEEF71 /* Default.png */ = {isa = PBXFileReference; lastKnownFileType = image.png; name = Default.png; path = ../Default.png; sourceTree = "<group>"; };
		AEBF32A61757504C00DEEF71 /* Default-568h@2x.png */ = {isa = PBXFileReference; lastKnownFileType = image.png; name = "Default-568h@2x.png"; path = "../Default-568h@2x.png"; sourceTree = "<group>"; };
		AEBF32A81757506B00DEEF71 /* Default-Portrait~ipad.png */ = {isa = PBXFileReference; lastKnownFileType = image.png; name = "Default-Portrait~ipad.png"; path = "../Default-Portrait~ipad.png"; sourceTree = "<group>"; };
		AEBF32AA1757506D00DEEF71 /* Default-Portrait@2x~ipad.png */ = {isa = PBXFileReference; lastKnownFileType = image.png; name = "Default-Portrait@2x~ipad.png"; path = "../Default-Portrait@2x~ipad.png"; sourceTree = "<group>"; };
		AEBF32AC1757507300DEEF71 /* Default-Landscape~ipad.png */ = {isa = PBXFileReference; lastKnownFileType = image.png; name = "Default-Landscape~ipad.png"; path = "../Default-Landscape~ipad.png"; sourceTree = "<group>"; };
		AEBF32AE1757507500DEEF71 /* Default-Landscape@2x~ipad.png */ = {isa = PBXFileReference; lastKnownFileType = image.png; name = "Default-Landscape@2x~ipad.png"; path = "../Default-Landscape@2x~ipad.png"; sourceTree = "<group>"; };
/* End PBXFileReference section */

/* Begin PBXFrameworksBuildPhase section */
		AEA3B5391730E6C700786DA2 /* Frameworks */ = {
			isa = PBXFrameworksBuildPhase;
			buildActionMask = 2147483647;
			files = (
				AEAEEA6817422B1D003F74D3 /* Social.framework in Frameworks */,
				AE933D6F173A3AE6009EAF41 /* QuartzCore.framework in Frameworks */,
				AE933D611736F731009EAF41 /* GLKit.framework in Frameworks */,
				AE933D5F1736F725009EAF41 /* OpenGLES.framework in Frameworks */,
				AEA3B5401730E6C700786DA2 /* UIKit.framework in Frameworks */,
				AEA3B5421730E6C700786DA2 /* Foundation.framework in Frameworks */,
				AEA3B5441730E6C700786DA2 /* CoreGraphics.framework in Frameworks */,
			);
			runOnlyForDeploymentPostprocessing = 0;
		};
/* End PBXFrameworksBuildPhase section */

/* Begin PBXGroup section */
		AEA3B5331730E6C700786DA2 = {
			isa = PBXGroup;
			children = (
				AEA3B5451730E6C700786DA2 /* ShaderToy */,
				AEA3B53E1730E6C700786DA2 /* Frameworks */,
				AEA3B53D1730E6C700786DA2 /* Products */,
			);
			sourceTree = "<group>";
		};
		AEA3B53D1730E6C700786DA2 /* Products */ = {
			isa = PBXGroup;
			children = (
				AEA3B53C1730E6C700786DA2 /* ShaderToy.app */,
			);
			name = Products;
			sourceTree = "<group>";
		};
		AEA3B53E1730E6C700786DA2 /* Frameworks */ = {
			isa = PBXGroup;
			children = (
				AEAEEA6717422B1D003F74D3 /* Social.framework */,
				AE933D6E173A3AE6009EAF41 /* QuartzCore.framework */,
				AEA3B5431730E6C700786DA2 /* CoreGraphics.framework */,
				AEA3B5411730E6C700786DA2 /* Foundation.framework */,
				AE933D601736F731009EAF41 /* GLKit.framework */,
				AE933D5E1736F725009EAF41 /* OpenGLES.framework */,
				AEA3B53F1730E6C700786DA2 /* UIKit.framework */,
			);
			name = Frameworks;
			sourceTree = "<group>";
		};
		AEA3B5451730E6C700786DA2 /* ShaderToy */ = {
			isa = PBXGroup;
			children = (
				AEA3B58B1736E7C500786DA2 /* Components */,
				AEAE17F2174B635600764D5B /* Rendering */,
				AEA3B54E1730E6C700786DA2 /* AppDelegate.h */,
				AEA3B54F1730E6C700786DA2 /* AppDelegate.m */,
				AEA3B55D1730E6C700786DA2 /* GalleryViewController.h */,
				AEA3B55E1730E6C700786DA2 /* GalleryViewController.m */,
				AEAEEA6417422A13003F74D3 /* ShaderInformation.h */,
				AEAEEA6517422A13003F74D3 /* ShaderInformation.m */,
				AEAEEA5D17421489003F74D3 /* ShaderInformationViewController.h */,
				AEAEEA5E17421489003F74D3 /* ShaderInformationViewController.m */,
				AEAEEA5F17421489003F74D3 /* ShaderInformationViewController.xib */,
				AEA3B58C1736E82A00786DA2 /* ShaderMenuCell.h */,
				AEA3B58D1736E82A00786DA2 /* ShaderMenuCell.m */,
				AEA3B58417360BBA00786DA2 /* ShaderMenuViewController.h */,
				AEA3B58517360BBA00786DA2 /* ShaderMenuViewController.m */,
				AEA3B5781732327200786DA2 /* ShaderViewController.h */,
				AEA3B5791732327200786DA2 /* ShaderViewController.m */,
				AEB028261753F26100757AF8 /* ShaderView.h */,
				AEB028271753F26100757AF8 /* ShaderView.m */,
				AEA3B55A1730E6C700786DA2 /* MainStoryboard_iPad.storyboard */,
				AEA3B5571730E6C700786DA2 /* MainStoryboard_iPhone.storyboard */,
				AEA3B5691731104A00786DA2 /* Resources */,
				AEA3B5461730E6C700786DA2 /* Supporting Files */,
			);
			path = ShaderToy;
			sourceTree = "<group>";
		};
		AEA3B5461730E6C700786DA2 /* Supporting Files */ = {
			isa = PBXGroup;
			children = (
				AEBF32AE1757507500DEEF71 /* Default-Landscape@2x~ipad.png */,
				AEBF32AC1757507300DEEF71 /* Default-Landscape~ipad.png */,
				AEBF32AA1757506D00DEEF71 /* Default-Portrait@2x~ipad.png */,
				AEBF32A81757506B00DEEF71 /* Default-Portrait~ipad.png */,
				AEBF32A61757504C00DEEF71 /* Default-568h@2x.png */,
				AEBF32A41757504400DEEF71 /* Default.png */,
				AEBF32A21757503A00DEEF71 /* Default@2x.png */,
				AEA3B5471730E6C700786DA2 /* ShaderToy-Info.plist */,
				AEA3B5481730E6C700786DA2 /* InfoPlist.strings */,
				AEA3B54B1730E6C700786DA2 /* main.m */,
				AEA3B54D1730E6C700786DA2 /* ShaderToy-Prefix.pch */,
				AEA3B5511730E6C700786DA2 /* Default.png */,
				AEA3B5531730E6C700786DA2 /* Default@2x.png */,
				AEA3B5551730E6C700786DA2 /* Default-568h@2x.png */,
			);
			name = "Supporting Files";
			sourceTree = "<group>";
		};
		AEA3B5651730E70500786DA2 /* SWRevealViewController */ = {
			isa = PBXGroup;
			children = (
				AEA3B5661730E70500786DA2 /* SWRevealViewController.h */,
				AEA3B5671730E70500786DA2 /* SWRevealViewController.m */,
			);
			path = SWRevealViewController;
			sourceTree = "<group>";
		};
		AEA3B5691731104A00786DA2 /* Resources */ = {
			isa = PBXGroup;
			children = (
				AE933D6217370EE0009EAF41 /* cellbg.png */,
				AEA3B5931736EE9100786DA2 /* Icons */,
				AE933D581736F601009EAF41 /* Shader.vsh */,
				AEAE17F9174CC8FA00764D5B /* Shader_0.fsh */,
				AEAE1801174E106E00764D5B /* Shader_1.fsh */,
				AE933D571736F601009EAF41 /* Shader_2.fsh */,
				AEAE17FC174E0E3C00764D5B /* Shader_3.fsh */,
				AEAE17FE174E0FC400764D5B /* Shader_4.fsh */,
				AEAE17F6174CB5E200764D5B /* Shader_5.fsh */,
			);
			name = Resources;
			sourceTree = "<group>";
		};
		AEA3B58B1736E7C500786DA2 /* Components */ = {
			isa = PBXGroup;
			children = (
				AEA3B5651730E70500786DA2 /* SWRevealViewController */,
			);
			name = Components;
			sourceTree = "<group>";
		};
		AEA3B5931736EE9100786DA2 /* Icons */ = {
			isa = PBXGroup;
			children = (
				AEAEEA6217422650003F74D3 /* share-4-icon.png */,
				AE933D641737A78B009EAF41 /* facebook-like-5-icon.png */,
				AE933D651737A78B009EAF41 /* favorite-2-icon.png */,
				AE933D661737A78B009EAF41 /* favorite-3-icon.png */,
				AE933D671737A78B009EAF41 /* inbox-8-icon.png */,
				AE933D681737A78B009EAF41 /* twitter-5-icon.png */,
				AEA3B58F1736EE8500786DA2 /* danger-8-icon.png */,
				AEA3B5961736F3C200786DA2 /* dashboard-5-icon.png */,
				AEA3B5911736EE8B00786DA2 /* list-view-icon.png */,
				AEA3B5981736F50000786DA2 /* shuffle-3-icon.png */,
			);
			name = Icons;
			sourceTree = "<group>";
		};
		AEAE17F2174B635600764D5B /* Rendering */ = {
			isa = PBXGroup;
			children = (
				AEAE17F3174B637000764D5B /* Plane.h */,
				AEAE17F4174B637000764D5B /* Plane.m */,
			);
			name = Rendering;
			sourceTree = "<group>";
		};
/* End PBXGroup section */

/* Begin PBXNativeTarget section */
		AEA3B53B1730E6C700786DA2 /* ShaderToy */ = {
			isa = PBXNativeTarget;
			buildConfigurationList = AEA3B5621730E6C700786DA2 /* Build configuration list for PBXNativeTarget "ShaderToy" */;
			buildPhases = (
				AEA3B5381730E6C700786DA2 /* Sources */,
				AEA3B5391730E6C700786DA2 /* Frameworks */,
				AEA3B53A1730E6C700786DA2 /* Resources */,
			);
			buildRules = (
			);
			dependencies = (
			);
			name = ShaderToy;
			productName = ShaderToy;
			productReference = AEA3B53C1730E6C700786DA2 /* ShaderToy.app */;
			productType = "com.apple.product-type.application";
		};
/* End PBXNativeTarget section */

/* Begin PBXProject section */
		AEA3B5341730E6C700786DA2 /* Project object */ = {
			isa = PBXProject;
			attributes = {
				LastUpgradeCheck = 0460;
				ORGANIZATIONNAME = "Ricardo Chavarria";
			};
			buildConfigurationList = AEA3B5371730E6C700786DA2 /* Build configuration list for PBXProject "ShaderToy" */;
			compatibilityVersion = "Xcode 3.2";
			developmentRegion = English;
			hasScannedForEncodings = 0;
			knownRegions = (
				en,
			);
			mainGroup = AEA3B5331730E6C700786DA2;
			productRefGroup = AEA3B53D1730E6C700786DA2 /* Products */;
			projectDirPath = "";
			projectRoot = "";
			targets = (
				AEA3B53B1730E6C700786DA2 /* ShaderToy */,
			);
		};
/* End PBXProject section */

/* Begin PBXResourcesBuildPhase section */
		AEA3B53A1730E6C700786DA2 /* Resources */ = {
			isa = PBXResourcesBuildPhase;
			buildActionMask = 2147483647;
			files = (
				AEA3B54A1730E6C700786DA2 /* InfoPlist.strings in Resources */,
				AEA3B5521730E6C700786DA2 /* Default.png in Resources */,
				AEA3B5541730E6C700786DA2 /* Default@2x.png in Resources */,
				AEA3B5561730E6C700786DA2 /* Default-568h@2x.png in Resources */,
				AEA3B5591730E6C700786DA2 /* MainStoryboard_iPhone.storyboard in Resources */,
				AEA3B55C1730E6C700786DA2 /* MainStoryboard_iPad.storyboard in Resources */,
				AEA3B5901736EE8500786DA2 /* danger-8-icon.png in Resources */,
				AEA3B5921736EE8B00786DA2 /* list-view-icon.png in Resources */,
				AEA3B5971736F3C200786DA2 /* dashboard-5-icon.png in Resources */,
				AEA3B5991736F50000786DA2 /* shuffle-3-icon.png in Resources */,
				AE933D6317370EE0009EAF41 /* cellbg.png in Resources */,
				AE933D691737A78B009EAF41 /* facebook-like-5-icon.png in Resources */,
				AE933D6A1737A78B009EAF41 /* favorite-2-icon.png in Resources */,
				AE933D6B1737A78B009EAF41 /* favorite-3-icon.png in Resources */,
				AE933D6C1737A78B009EAF41 /* inbox-8-icon.png in Resources */,
				AE933D6D1737A78B009EAF41 /* twitter-5-icon.png in Resources */,
				AEAE17FB174CCAFD00764D5B /* Shader_0.fsh in Resources */,
				AEAE17F8174CC63A00764D5B /* Shader_5.fsh in Resources */,
				AE933D70173A4B6E009EAF41 /* Shader_2.fsh in Resources */,
				AEAE17FD174E0E3C00764D5B /* Shader_3.fsh in Resources */,
				AEAE1800174E100700764D5B /* Shader_4.fsh in Resources */,
				AEAE1803174E109B00764D5B /* Shader_1.fsh in Resources */,
				AE933D71173A4B6E009EAF41 /* Shader.vsh in Resources */,
				AEAEEA6117421489003F74D3 /* ShaderInformationViewController.xib in Resources */,
				AEAEEA6317422650003F74D3 /* share-4-icon.png in Resources */,
				AEBF32A31757503A00DEEF71 /* Default@2x.png in Resources */,
				AEBF32A51757504400DEEF71 /* Default.png in Resources */,
				AEBF32A71757504C00DEEF71 /* Default-568h@2x.png in Resources */,
				AEBF32A91757506B00DEEF71 /* Default-Portrait~ipad.png in Resources */,
				AEBF32AB1757506D00DEEF71 /* Default-Portrait@2x~ipad.png in Resources */,
				AEBF32AD1757507300DEEF71 /* Default-Landscape~ipad.png in Resources */,
				AEBF32AF1757507500DEEF71 /* Default-Landscape@2x~ipad.png in Resources */,
			);
			runOnlyForDeploymentPostprocessing = 0;
		};
/* End PBXResourcesBuildPhase section */

/* Begin PBXSourcesBuildPhase section */
		AEA3B5381730E6C700786DA2 /* Sources */ = {
			isa = PBXSourcesBuildPhase;
			buildActionMask = 2147483647;
			files = (
				AEA3B54C1730E6C700786DA2 /* main.m in Sources */,
				AEA3B5501730E6C700786DA2 /* AppDelegate.m in Sources */,
				AEA3B55F1730E6C700786DA2 /* GalleryViewController.m in Sources */,
				AEA3B5681730E70500786DA2 /* SWRevealViewController.m in Sources */,
				AEA3B57B1732327200786DA2 /* ShaderViewController.m in Sources */,
				AEA3B58617360BBA00786DA2 /* ShaderMenuViewController.m in Sources */,
				AEA3B58E1736E82A00786DA2 /* ShaderMenuCell.m in Sources */,
				AEAEEA6017421489003F74D3 /* ShaderInformationViewController.m in Sources */,
				AEAEEA6617422A13003F74D3 /* ShaderInformation.m in Sources */,
				AEAE17F5174B637000764D5B /* Plane.m in Sources */,
				AEB028281753F26100757AF8 /* ShaderView.m in Sources */,
			);
			runOnlyForDeploymentPostprocessing = 0;
		};
/* End PBXSourcesBuildPhase section */

/* Begin PBXVariantGroup section */
		AEA3B5481730E6C700786DA2 /* InfoPlist.strings */ = {
			isa = PBXVariantGroup;
			children = (
				AEA3B5491730E6C700786DA2 /* en */,
			);
			name = InfoPlist.strings;
			sourceTree = "<group>";
		};
		AEA3B5571730E6C700786DA2 /* MainStoryboard_iPhone.storyboard */ = {
			isa = PBXVariantGroup;
			children = (
				AEA3B5581730E6C700786DA2 /* en */,
			);
			name = MainStoryboard_iPhone.storyboard;
			sourceTree = "<group>";
		};
		AEA3B55A1730E6C700786DA2 /* MainStoryboard_iPad.storyboard */ = {
			isa = PBXVariantGroup;
			children = (
				AEA3B55B1730E6C700786DA2 /* en */,
			);
			name = MainStoryboard_iPad.storyboard;
			sourceTree = "<group>";
		};
/* End PBXVariantGroup section */

/* Begin XCBuildConfiguration section */
		AEA3B5601730E6C700786DA2 /* Debug */ = {
			isa = XCBuildConfiguration;
			buildSettings = {
				ALWAYS_SEARCH_USER_PATHS = NO;
				CLANG_CXX_LANGUAGE_STANDARD = "gnu++0x";
				CLANG_CXX_LIBRARY = "libc++";
				CLANG_ENABLE_OBJC_ARC = YES;
				CLANG_WARN_CONSTANT_CONVERSION = YES;
				CLANG_WARN_EMPTY_BODY = YES;
				CLANG_WARN_ENUM_CONVERSION = YES;
				CLANG_WARN_INT_CONVERSION = YES;
				CLANG_WARN__DUPLICATE_METHOD_MATCH = YES;
				"CODE_SIGN_IDENTITY[sdk=iphoneos*]" = "iPhone Developer";
				COPY_PHASE_STRIP = NO;
				GCC_C_LANGUAGE_STANDARD = gnu99;
				GCC_DYNAMIC_NO_PIC = NO;
				GCC_OPTIMIZATION_LEVEL = 0;
				GCC_PREPROCESSOR_DEFINITIONS = (
					"DEBUG=1",
					"$(inherited)",
				);
				GCC_SYMBOLS_PRIVATE_EXTERN = NO;
				GCC_WARN_ABOUT_RETURN_TYPE = YES;
				GCC_WARN_UNINITIALIZED_AUTOS = YES;
				GCC_WARN_UNUSED_VARIABLE = YES;
				IPHONEOS_DEPLOYMENT_TARGET = 6.1;
				ONLY_ACTIVE_ARCH = YES;
				SDKROOT = iphoneos;
				TARGETED_DEVICE_FAMILY = "1,2";
			};
			name = Debug;
		};
		AEA3B5611730E6C700786DA2 /* Release */ = {
			isa = XCBuildConfiguration;
			buildSettings = {
				ALWAYS_SEARCH_USER_PATHS = NO;
				CLANG_CXX_LANGUAGE_STANDARD = "gnu++0x";
				CLANG_CXX_LIBRARY = "libc++";
				CLANG_ENABLE_OBJC_ARC = YES;
				CLANG_WARN_CONSTANT_CONVERSION = YES;
				CLANG_WARN_EMPTY_BODY = YES;
				CLANG_WARN_ENUM_CONVERSION = YES;
				CLANG_WARN_INT_CONVERSION = YES;
				CLANG_WARN__DUPLICATE_METHOD_MATCH = YES;
				"CODE_SIGN_IDENTITY[sdk=iphoneos*]" = "iPhone Developer";
				COPY_PHASE_STRIP = YES;
				GCC_C_LANGUAGE_STANDARD = gnu99;
				GCC_WARN_ABOUT_RETURN_TYPE = YES;
				GCC_WARN_UNINITIALIZED_AUTOS = YES;
				GCC_WARN_UNUSED_VARIABLE = YES;
				IPHONEOS_DEPLOYMENT_TARGET = 6.1;
				OTHER_CFLAGS = "-DNS_BLOCK_ASSERTIONS=1";
				SDKROOT = iphoneos;
				TARGETED_DEVICE_FAMILY = "1,2";
				VALIDATE_PRODUCT = YES;
			};
			name = Release;
		};
		AEA3B5631730E6C700786DA2 /* Debug */ = {
			isa = XCBuildConfiguration;
			buildSettings = {
				GCC_PRECOMPILE_PREFIX_HEADER = YES;
				GCC_PREFIX_HEADER = "ShaderToy/ShaderToy-Prefix.pch";
				INFOPLIST_FILE = "ShaderToy/ShaderToy-Info.plist";
				PRODUCT_NAME = "$(TARGET_NAME)";
				WRAPPER_EXTENSION = app;
			};
			name = Debug;
		};
		AEA3B5641730E6C700786DA2 /* Release */ = {
			isa = XCBuildConfiguration;
			buildSettings = {
				GCC_PRECOMPILE_PREFIX_HEADER = YES;
				GCC_PREFIX_HEADER = "ShaderToy/ShaderToy-Prefix.pch";
				INFOPLIST_FILE = "ShaderToy/ShaderToy-Info.plist";
				PRODUCT_NAME = "$(TARGET_NAME)";
				WRAPPER_EXTENSION = app;
			};
			name = Release;
		};
/* End XCBuildConfiguration section */

/* Begin XCConfigurationList section */
		AEA3B5371730E6C700786DA2 /* Build configuration list for PBXProject "ShaderToy" */ = {
			isa = XCConfigurationList;
			buildConfigurations = (
				AEA3B5601730E6C700786DA2 /* Debug */,
				AEA3B5611730E6C700786DA2 /* Release */,
			);
			defaultConfigurationIsVisible = 0;
			defaultConfigurationName = Release;
		};
		AEA3B5621730E6C700786DA2 /* Build configuration list for PBXNativeTarget "ShaderToy" */ = {
			isa = XCConfigurationList;
			buildConfigurations = (
				AEA3B5631730E6C700786DA2 /* Debug */,
				AEA3B5641730E6C700786DA2 /* Release */,
			);
			defaultConfigurationIsVisible = 0;
			defaultConfigurationName = Release;
		};
/* End XCConfigurationList section */
	};
	rootObject = AEA3B5341730E6C700786DA2 /* Project object */;
}
