// !$*UTF8*$!
{
	archiveVersion = 1;
	classes = {
	};
	objectVersion = 46;
	objects = {

/* Begin PBXBuildFile section */
		14A4290B831A2225B4415095 /* libPods-Shadertoy.a in Frameworks */ = {isa = PBXBuildFile; fileRef = 5B11B0A598D9CC678A39E700 /* libPods-Shadertoy.a */; };
		AE23BC8F184DD33A009F4531 /* UIWebViewController.m in Sources */ = {isa = PBXBuildFile; fileRef = AE23BC8E184DD33A009F4531 /* UIWebViewController.m */; };
		AE2A5DD61AE0DE07004B68D4 /* Launch Screen.xib in Resources */ = {isa = PBXBuildFile; fileRef = AE2A5DD51AE0DE07004B68D4 /* Launch Screen.xib */; };
		AE2A5DD81AE16EBF004B68D4 /* Images.xcassets in Resources */ = {isa = PBXBuildFile; fileRef = AE2A5DD71AE16EBF004B68D4 /* Images.xcassets */; };
		AE4C59E01A08D8F7009E0E40 /* AudioToolbox.framework in Frameworks */ = {isa = PBXBuildFile; fileRef = AE4C59DF1A08D8F7009E0E40 /* AudioToolbox.framework */; };
		AE85EACA17933DEE0090DC1F /* ShaderInfoViewController.m in Sources */ = {isa = PBXBuildFile; fileRef = AE85EAC817933DEE0090DC1F /* ShaderInfoViewController.m */; };
		AE933D5F1736F725009EAF41 /* OpenGLES.framework in Frameworks */ = {isa = PBXBuildFile; fileRef = AE933D5E1736F725009EAF41 /* OpenGLES.framework */; };
		AE933D611736F731009EAF41 /* GLKit.framework in Frameworks */ = {isa = PBXBuildFile; fileRef = AE933D601736F731009EAF41 /* GLKit.framework */; };
		AE933D6317370EE0009EAF41 /* cellbg.png in Resources */ = {isa = PBXBuildFile; fileRef = AE933D6217370EE0009EAF41 /* cellbg.png */; };
		AE933D6F173A3AE6009EAF41 /* QuartzCore.framework in Frameworks */ = {isa = PBXBuildFile; fileRef = AE933D6E173A3AE6009EAF41 /* QuartzCore.framework */; };
		AE933D71173A4B6E009EAF41 /* Shader.vsh in Resources */ = {isa = PBXBuildFile; fileRef = AE933D581736F601009EAF41 /* Shader.vsh */; };
		AE970B71178F258C00DD17F3 /* Accelerate.framework in Frameworks */ = {isa = PBXBuildFile; fileRef = AE970B70178F258C00DD17F3 /* Accelerate.framework */; };
		AEA3B5401730E6C700786DA2 /* UIKit.framework in Frameworks */ = {isa = PBXBuildFile; fileRef = AEA3B53F1730E6C700786DA2 /* UIKit.framework */; };
		AEA3B5421730E6C700786DA2 /* Foundation.framework in Frameworks */ = {isa = PBXBuildFile; fileRef = AEA3B5411730E6C700786DA2 /* Foundation.framework */; };
		AEA3B5441730E6C700786DA2 /* CoreGraphics.framework in Frameworks */ = {isa = PBXBuildFile; fileRef = AEA3B5431730E6C700786DA2 /* CoreGraphics.framework */; };
		AEA3B54A1730E6C700786DA2 /* InfoPlist.strings in Resources */ = {isa = PBXBuildFile; fileRef = AEA3B5481730E6C700786DA2 /* InfoPlist.strings */; };
		AEA3B54C1730E6C700786DA2 /* main.m in Sources */ = {isa = PBXBuildFile; fileRef = AEA3B54B1730E6C700786DA2 /* main.m */; };
		AEA3B5501730E6C700786DA2 /* AppDelegate.m in Sources */ = {isa = PBXBuildFile; fileRef = AEA3B54F1730E6C700786DA2 /* AppDelegate.m */; };
		AEA3B5591730E6C700786DA2 /* MainStoryboard.storyboard in Resources */ = {isa = PBXBuildFile; fileRef = AEA3B5571730E6C700786DA2 /* MainStoryboard.storyboard */; };
		AEA3B55F1730E6C700786DA2 /* GalleryViewController.mm in Sources */ = {isa = PBXBuildFile; fileRef = AEA3B55E1730E6C700786DA2 /* GalleryViewController.mm */; };
		AEA3B57B1732327200786DA2 /* ShaderViewController.m in Sources */ = {isa = PBXBuildFile; fileRef = AEA3B5791732327200786DA2 /* ShaderViewController.m */; };
		AEA3B58617360BBA00786DA2 /* ShaderMenuViewController.m in Sources */ = {isa = PBXBuildFile; fileRef = AEA3B58517360BBA00786DA2 /* ShaderMenuViewController.m */; };
		AEA3B58E1736E82A00786DA2 /* ShaderMenuCell.m in Sources */ = {isa = PBXBuildFile; fileRef = AEA3B58D1736E82A00786DA2 /* ShaderMenuCell.m */; };
		AEADD6F61803DB28001C57B5 /* ShaderRequest.m in Sources */ = {isa = PBXBuildFile; fileRef = AEADD6F51803DB28001C57B5 /* ShaderRequest.m */; };
		AEAE17F5174B637000764D5B /* Plane.m in Sources */ = {isa = PBXBuildFile; fileRef = AEAE17F4174B637000764D5B /* Plane.m */; };
		AEAEEA6817422B1D003F74D3 /* Social.framework in Frameworks */ = {isa = PBXBuildFile; fileRef = AEAEEA6717422B1D003F74D3 /* Social.framework */; };
		AEB028281753F26100757AF8 /* ShaderView.m in Sources */ = {isa = PBXBuildFile; fileRef = AEB028271753F26100757AF8 /* ShaderView.m */; };
		AEBC414F1771B3B40024D73C /* ShaderInfo.m in Sources */ = {isa = PBXBuildFile; fileRef = AE1EF6081771923000A1251C /* ShaderInfo.m */; };
		AEBC415D177444AF0024D73C /* ChannelResourceManager.m in Sources */ = {isa = PBXBuildFile; fileRef = AEBC415C177444AF0024D73C /* ChannelResourceManager.m */; };
		AEBC415F1776D2F80024D73C /* logo.json in Resources */ = {isa = PBXBuildFile; fileRef = AEBC415E1776D2F80024D73C /* logo.json */; };
		AEBC41621777FE290024D73C /* background.png in Resources */ = {isa = PBXBuildFile; fileRef = AEBC41601777FE290024D73C /* background.png */; };
		AEBF32B4176457EB00DEEF71 /* ShaderManager.m in Sources */ = {isa = PBXBuildFile; fileRef = AEBF32B3176457EB00DEEF71 /* ShaderManager.m */; };
		AEE8B9DD1855C8AC00BB39B4 /* SystemConfiguration.framework in Frameworks */ = {isa = PBXBuildFile; fileRef = AEE8B9DC1855C8AC00BB39B4 /* SystemConfiguration.framework */; };
/* End PBXBuildFile section */

/* Begin PBXFileReference section */
		2B7E6DA263432B8631FAC143 /* Pods-Shadertoy.release.xcconfig */ = {isa = PBXFileReference; includeInIndex = 1; lastKnownFileType = text.xcconfig; name = "Pods-Shadertoy.release.xcconfig"; path = "Pods/Target Support Files/Pods-Shadertoy/Pods-Shadertoy.release.xcconfig"; sourceTree = "<group>"; };
		5B11B0A598D9CC678A39E700 /* libPods-Shadertoy.a */ = {isa = PBXFileReference; explicitFileType = archive.ar; includeInIndex = 0; path = "libPods-Shadertoy.a"; sourceTree = BUILT_PRODUCTS_DIR; };
		64CBB0693007A124FA98254F /* Pods-Shadertoy.debug.xcconfig */ = {isa = PBXFileReference; includeInIndex = 1; lastKnownFileType = text.xcconfig; name = "Pods-Shadertoy.debug.xcconfig"; path = "Pods/Target Support Files/Pods-Shadertoy/Pods-Shadertoy.debug.xcconfig"; sourceTree = "<group>"; };
		AE1EF6071771923000A1251C /* ShaderInfo.h */ = {isa = PBXFileReference; lastKnownFileType = sourcecode.c.h; lineEnding = 0; path = ShaderInfo.h; sourceTree = "<group>"; xcLanguageSpecificationIdentifier = xcode.lang.objcpp; };
		AE1EF6081771923000A1251C /* ShaderInfo.m */ = {isa = PBXFileReference; lastKnownFileType = sourcecode.c.objc; lineEnding = 0; path = ShaderInfo.m; sourceTree = "<group>"; xcLanguageSpecificationIdentifier = xcode.lang.objc; };
		AE23BC8D184DD33A009F4531 /* UIWebViewController.h */ = {isa = PBXFileReference; fileEncoding = 4; lastKnownFileType = sourcecode.c.h; name = UIWebViewController.h; path = Shadertoy/UIWebViewController.h; sourceTree = SOURCE_ROOT; };
		AE23BC8E184DD33A009F4531 /* UIWebViewController.m */ = {isa = PBXFileReference; fileEncoding = 4; lastKnownFileType = sourcecode.c.objc; name = UIWebViewController.m; path = Shadertoy/UIWebViewController.m; sourceTree = SOURCE_ROOT; };
		AE2A5DD51AE0DE07004B68D4 /* Launch Screen.xib */ = {isa = PBXFileReference; fileEncoding = 4; lastKnownFileType = file.xib; name = "Launch Screen.xib"; path = "Shadertoy/Launch Screen.xib"; sourceTree = SOURCE_ROOT; };
		AE2A5DD71AE16EBF004B68D4 /* Images.xcassets */ = {isa = PBXFileReference; lastKnownFileType = folder.assetcatalog; path = Images.xcassets; sourceTree = "<group>"; };
		AE4C59DF1A08D8F7009E0E40 /* AudioToolbox.framework */ = {isa = PBXFileReference; lastKnownFileType = wrapper.framework; name = AudioToolbox.framework; path = System/Library/Frameworks/AudioToolbox.framework; sourceTree = SDKROOT; };
		AE85EAC717933DEE0090DC1F /* ShaderInfoViewController.h */ = {isa = PBXFileReference; fileEncoding = 4; lastKnownFileType = sourcecode.c.h; lineEnding = 0; path = ShaderInfoViewController.h; sourceTree = "<group>"; xcLanguageSpecificationIdentifier = xcode.lang.objcpp; };
		AE85EAC817933DEE0090DC1F /* ShaderInfoViewController.m */ = {isa = PBXFileReference; fileEncoding = 4; lastKnownFileType = sourcecode.c.objc; lineEnding = 0; path = ShaderInfoViewController.m; sourceTree = "<group>"; xcLanguageSpecificationIdentifier = xcode.lang.objc; };
		AE933D581736F601009EAF41 /* Shader.vsh */ = {isa = PBXFileReference; fileEncoding = 4; lastKnownFileType = sourcecode.glsl; path = Shader.vsh; sourceTree = "<group>"; };
		AE933D5E1736F725009EAF41 /* OpenGLES.framework */ = {isa = PBXFileReference; lastKnownFileType = wrapper.framework; name = OpenGLES.framework; path = System/Library/Frameworks/OpenGLES.framework; sourceTree = SDKROOT; };
		AE933D601736F731009EAF41 /* GLKit.framework */ = {isa = PBXFileReference; lastKnownFileType = wrapper.framework; name = GLKit.framework; path = System/Library/Frameworks/GLKit.framework; sourceTree = SDKROOT; };
		AE933D6217370EE0009EAF41 /* cellbg.png */ = {isa = PBXFileReference; lastKnownFileType = image.png; path = cellbg.png; sourceTree = "<group>"; };
		AE933D6E173A3AE6009EAF41 /* QuartzCore.framework */ = {isa = PBXFileReference; lastKnownFileType = wrapper.framework; name = QuartzCore.framework; path = System/Library/Frameworks/QuartzCore.framework; sourceTree = SDKROOT; };
		AE970B70178F258C00DD17F3 /* Accelerate.framework */ = {isa = PBXFileReference; lastKnownFileType = wrapper.framework; name = Accelerate.framework; path = System/Library/Frameworks/Accelerate.framework; sourceTree = SDKROOT; };
		AEA3B53C1730E6C700786DA2 /* Shadertoy.app */ = {isa = PBXFileReference; explicitFileType = wrapper.application; includeInIndex = 0; path = Shadertoy.app; sourceTree = BUILT_PRODUCTS_DIR; };
		AEA3B53F1730E6C700786DA2 /* UIKit.framework */ = {isa = PBXFileReference; lastKnownFileType = wrapper.framework; name = UIKit.framework; path = System/Library/Frameworks/UIKit.framework; sourceTree = SDKROOT; };
		AEA3B5411730E6C700786DA2 /* Foundation.framework */ = {isa = PBXFileReference; lastKnownFileType = wrapper.framework; name = Foundation.framework; path = System/Library/Frameworks/Foundation.framework; sourceTree = SDKROOT; };
		AEA3B5431730E6C700786DA2 /* CoreGraphics.framework */ = {isa = PBXFileReference; lastKnownFileType = wrapper.framework; name = CoreGraphics.framework; path = System/Library/Frameworks/CoreGraphics.framework; sourceTree = SDKROOT; };
		AEA3B5471730E6C700786DA2 /* Shadertoy-Info.plist */ = {isa = PBXFileReference; lastKnownFileType = text.plist.xml; path = "Shadertoy-Info.plist"; sourceTree = "<group>"; };
		AEA3B5491730E6C700786DA2 /* en */ = {isa = PBXFileReference; lastKnownFileType = text.plist.strings; name = en; path = en.lproj/InfoPlist.strings; sourceTree = "<group>"; };
		AEA3B54B1730E6C700786DA2 /* main.m */ = {isa = PBXFileReference; lastKnownFileType = sourcecode.c.objc; lineEnding = 0; path = main.m; sourceTree = "<group>"; xcLanguageSpecificationIdentifier = xcode.lang.objc; };
		AEA3B54D1730E6C700786DA2 /* Shadertoy-Prefix.pch */ = {isa = PBXFileReference; lastKnownFileType = sourcecode.c.h; lineEnding = 0; path = "Shadertoy-Prefix.pch"; sourceTree = "<group>"; xcLanguageSpecificationIdentifier = xcode.lang.objc; };
		AEA3B54E1730E6C700786DA2 /* AppDelegate.h */ = {isa = PBXFileReference; lastKnownFileType = sourcecode.c.h; lineEnding = 0; path = AppDelegate.h; sourceTree = "<group>"; xcLanguageSpecificationIdentifier = xcode.lang.objcpp; };
		AEA3B54F1730E6C700786DA2 /* AppDelegate.m */ = {isa = PBXFileReference; lastKnownFileType = sourcecode.c.objc; lineEnding = 0; path = AppDelegate.m; sourceTree = "<group>"; xcLanguageSpecificationIdentifier = xcode.lang.objc; };
		AEA3B5581730E6C700786DA2 /* en */ = {isa = PBXFileReference; lastKnownFileType = file.storyboard; name = en; path = en.lproj/MainStoryboard.storyboard; sourceTree = "<group>"; };
		AEA3B55D1730E6C700786DA2 /* GalleryViewController.hpp */ = {isa = PBXFileReference; lastKnownFileType = sourcecode.cpp.h; lineEnding = 0; path = GalleryViewController.hpp; sourceTree = "<group>"; xcLanguageSpecificationIdentifier = xcode.lang.objcpp; };
		AEA3B55E1730E6C700786DA2 /* GalleryViewController.mm */ = {isa = PBXFileReference; lastKnownFileType = sourcecode.cpp.objcpp; lineEnding = 0; path = GalleryViewController.mm; sourceTree = "<group>"; xcLanguageSpecificationIdentifier = xcode.lang.objc; };
		AEA3B5781732327200786DA2 /* ShaderViewController.h */ = {isa = PBXFileReference; fileEncoding = 4; lastKnownFileType = sourcecode.c.h; lineEnding = 0; path = ShaderViewController.h; sourceTree = "<group>"; xcLanguageSpecificationIdentifier = xcode.lang.objcpp; };
		AEA3B5791732327200786DA2 /* ShaderViewController.m */ = {isa = PBXFileReference; fileEncoding = 4; lastKnownFileType = sourcecode.c.objc; lineEnding = 0; path = ShaderViewController.m; sourceTree = "<group>"; xcLanguageSpecificationIdentifier = xcode.lang.objc; };
		AEA3B58417360BBA00786DA2 /* ShaderMenuViewController.h */ = {isa = PBXFileReference; fileEncoding = 4; lastKnownFileType = sourcecode.c.h; lineEnding = 0; path = ShaderMenuViewController.h; sourceTree = "<group>"; xcLanguageSpecificationIdentifier = xcode.lang.objcpp; };
		AEA3B58517360BBA00786DA2 /* ShaderMenuViewController.m */ = {isa = PBXFileReference; fileEncoding = 4; lastKnownFileType = sourcecode.c.objc; lineEnding = 0; path = ShaderMenuViewController.m; sourceTree = "<group>"; xcLanguageSpecificationIdentifier = xcode.lang.objc; };
		AEA3B58C1736E82A00786DA2 /* ShaderMenuCell.h */ = {isa = PBXFileReference; fileEncoding = 4; lastKnownFileType = sourcecode.c.h; lineEnding = 0; path = ShaderMenuCell.h; sourceTree = "<group>"; xcLanguageSpecificationIdentifier = xcode.lang.objcpp; };
		AEA3B58D1736E82A00786DA2 /* ShaderMenuCell.m */ = {isa = PBXFileReference; fileEncoding = 4; lastKnownFileType = sourcecode.c.objc; lineEnding = 0; path = ShaderMenuCell.m; sourceTree = "<group>"; xcLanguageSpecificationIdentifier = xcode.lang.objc; };
		AEADD6F41803DB28001C57B5 /* ShaderRequest.h */ = {isa = PBXFileReference; fileEncoding = 4; lastKnownFileType = sourcecode.c.h; name = ShaderRequest.h; path = Shadertoy/ShaderRequest.h; sourceTree = SOURCE_ROOT; };
		AEADD6F51803DB28001C57B5 /* ShaderRequest.m */ = {isa = PBXFileReference; fileEncoding = 4; lastKnownFileType = sourcecode.c.objc; name = ShaderRequest.m; path = Shadertoy/ShaderRequest.m; sourceTree = SOURCE_ROOT; };
		AEADD6F71803FF89001C57B5 /* ShaderToyDefines.h */ = {isa = PBXFileReference; lastKnownFileType = sourcecode.c.h; name = ShaderToyDefines.h; path = Shadertoy/ShaderToyDefines.h; sourceTree = SOURCE_ROOT; };
		AEAE17F3174B637000764D5B /* Plane.h */ = {isa = PBXFileReference; fileEncoding = 4; lastKnownFileType = sourcecode.c.h; lineEnding = 0; path = Plane.h; sourceTree = "<group>"; xcLanguageSpecificationIdentifier = xcode.lang.objcpp; };
		AEAE17F4174B637000764D5B /* Plane.m */ = {isa = PBXFileReference; fileEncoding = 4; lastKnownFileType = sourcecode.c.objc; lineEnding = 0; path = Plane.m; sourceTree = "<group>"; xcLanguageSpecificationIdentifier = xcode.lang.objc; };
		AEAEEA6717422B1D003F74D3 /* Social.framework */ = {isa = PBXFileReference; lastKnownFileType = wrapper.framework; name = Social.framework; path = System/Library/Frameworks/Social.framework; sourceTree = SDKROOT; };
		AEB028261753F26100757AF8 /* ShaderView.h */ = {isa = PBXFileReference; fileEncoding = 4; lastKnownFileType = sourcecode.c.h; lineEnding = 0; path = ShaderView.h; sourceTree = "<group>"; xcLanguageSpecificationIdentifier = xcode.lang.objcpp; };
		AEB028271753F26100757AF8 /* ShaderView.m */ = {isa = PBXFileReference; fileEncoding = 4; lastKnownFileType = sourcecode.c.objc; lineEnding = 0; path = ShaderView.m; sourceTree = "<group>"; xcLanguageSpecificationIdentifier = xcode.lang.objc; };
		AEBC415B177444AF0024D73C /* ChannelResourceManager.h */ = {isa = PBXFileReference; fileEncoding = 4; lastKnownFileType = sourcecode.c.h; lineEnding = 0; path = ChannelResourceManager.h; sourceTree = "<group>"; xcLanguageSpecificationIdentifier = xcode.lang.objcpp; };
		AEBC415C177444AF0024D73C /* ChannelResourceManager.m */ = {isa = PBXFileReference; fileEncoding = 4; lastKnownFileType = sourcecode.c.objc; lineEnding = 0; path = ChannelResourceManager.m; sourceTree = "<group>"; xcLanguageSpecificationIdentifier = xcode.lang.objc; };
		AEBC415E1776D2F80024D73C /* logo.json */ = {isa = PBXFileReference; fileEncoding = 4; lastKnownFileType = text.json; lineEnding = 0; path = logo.json; sourceTree = "<group>"; xcLanguageSpecificationIdentifier = xcode.lang.javascript; };
		AEBC41601777FE290024D73C /* background.png */ = {isa = PBXFileReference; lastKnownFileType = image.png; path = background.png; sourceTree = "<group>"; };
		AEBF32B2176457EB00DEEF71 /* ShaderManager.h */ = {isa = PBXFileReference; fileEncoding = 4; lastKnownFileType = sourcecode.c.h; lineEnding = 0; path = ShaderManager.h; sourceTree = "<group>"; xcLanguageSpecificationIdentifier = xcode.lang.objcpp; };
		AEBF32B3176457EB00DEEF71 /* ShaderManager.m */ = {isa = PBXFileReference; fileEncoding = 4; lastKnownFileType = sourcecode.c.objc; lineEnding = 0; path = ShaderManager.m; sourceTree = "<group>"; xcLanguageSpecificationIdentifier = xcode.lang.objc; };
		AED5F46617FBFB1E003F6B6F /* Shadertoy.entitlements */ = {isa = PBXFileReference; lastKnownFileType = text.xml; name = Shadertoy.entitlements; path = Shadertoy/Shadertoy.entitlements; sourceTree = SOURCE_ROOT; };
		AEE8B9DC1855C8AC00BB39B4 /* SystemConfiguration.framework */ = {isa = PBXFileReference; lastKnownFileType = wrapper.framework; name = SystemConfiguration.framework; path = System/Library/Frameworks/SystemConfiguration.framework; sourceTree = SDKROOT; };
/* End PBXFileReference section */

/* Begin PBXFrameworksBuildPhase section */
		AEA3B5391730E6C700786DA2 /* Frameworks */ = {
			isa = PBXFrameworksBuildPhase;
			buildActionMask = 2147483647;
			files = (
				AE4C59E01A08D8F7009E0E40 /* AudioToolbox.framework in Frameworks */,
				AEE8B9DD1855C8AC00BB39B4 /* SystemConfiguration.framework in Frameworks */,
				AE970B71178F258C00DD17F3 /* Accelerate.framework in Frameworks */,
				AEAEEA6817422B1D003F74D3 /* Social.framework in Frameworks */,
				AE933D6F173A3AE6009EAF41 /* QuartzCore.framework in Frameworks */,
				AE933D611736F731009EAF41 /* GLKit.framework in Frameworks */,
				AE933D5F1736F725009EAF41 /* OpenGLES.framework in Frameworks */,
				AEA3B5401730E6C700786DA2 /* UIKit.framework in Frameworks */,
				AEA3B5421730E6C700786DA2 /* Foundation.framework in Frameworks */,
				AEA3B5441730E6C700786DA2 /* CoreGraphics.framework in Frameworks */,
				14A4290B831A2225B4415095 /* libPods-Shadertoy.a in Frameworks */,
			);
			runOnlyForDeploymentPostprocessing = 0;
		};
/* End PBXFrameworksBuildPhase section */

/* Begin PBXGroup section */
		AE1EF6061771921000A1251C /* Data */ = {
			isa = PBXGroup;
			children = (
				AE1EF6071771923000A1251C /* ShaderInfo.h */,
				AE1EF6081771923000A1251C /* ShaderInfo.m */,
				AEADD6F41803DB28001C57B5 /* ShaderRequest.h */,
				AEADD6F51803DB28001C57B5 /* ShaderRequest.m */,
			);
			name = Data;
			sourceTree = "<group>";
		};
		AE85EAC617933D950090DC1F /* Overlay */ = {
			isa = PBXGroup;
			children = (
				AE85EAC717933DEE0090DC1F /* ShaderInfoViewController.h */,
				AE85EAC817933DEE0090DC1F /* ShaderInfoViewController.m */,
			);
			name = Overlay;
			sourceTree = "<group>";
		};
		AEA3B5331730E6C700786DA2 = {
			isa = PBXGroup;
			children = (
				AEA3B5451730E6C700786DA2 /* Shadertoy */,
				AEA3B53E1730E6C700786DA2 /* Frameworks */,
				AEA3B53D1730E6C700786DA2 /* Products */,
				C1991658946DD7E27CAAFF3D /* Pods */,
			);
			sourceTree = "<group>";
		};
		AEA3B53D1730E6C700786DA2 /* Products */ = {
			isa = PBXGroup;
			children = (
				AEA3B53C1730E6C700786DA2 /* Shadertoy.app */,
			);
			name = Products;
			sourceTree = "<group>";
		};
		AEA3B53E1730E6C700786DA2 /* Frameworks */ = {
			isa = PBXGroup;
			children = (
				AE4C59DF1A08D8F7009E0E40 /* AudioToolbox.framework */,
				AEE8B9DC1855C8AC00BB39B4 /* SystemConfiguration.framework */,
				AE970B70178F258C00DD17F3 /* Accelerate.framework */,
				AEAEEA6717422B1D003F74D3 /* Social.framework */,
				AE933D6E173A3AE6009EAF41 /* QuartzCore.framework */,
				AEA3B5431730E6C700786DA2 /* CoreGraphics.framework */,
				AEA3B5411730E6C700786DA2 /* Foundation.framework */,
				AE933D601736F731009EAF41 /* GLKit.framework */,
				AE933D5E1736F725009EAF41 /* OpenGLES.framework */,
				AEA3B53F1730E6C700786DA2 /* UIKit.framework */,
				5B11B0A598D9CC678A39E700 /* libPods-Shadertoy.a */,
			);
			name = Frameworks;
			sourceTree = "<group>";
		};
		AEA3B5451730E6C700786DA2 /* Shadertoy */ = {
			isa = PBXGroup;
			children = (
				AEAE17F2174B635600764D5B /* Rendering */,
				AE1EF6061771921000A1251C /* Data */,
				AE85EAC617933D950090DC1F /* Overlay */,
				AEA3B54E1730E6C700786DA2 /* AppDelegate.h */,
				AEA3B54F1730E6C700786DA2 /* AppDelegate.m */,
				AEA3B55D1730E6C700786DA2 /* GalleryViewController.hpp */,
				AEA3B55E1730E6C700786DA2 /* GalleryViewController.mm */,
				AEA3B58C1736E82A00786DA2 /* ShaderMenuCell.h */,
				AEA3B58D1736E82A00786DA2 /* ShaderMenuCell.m */,
				AEA3B58417360BBA00786DA2 /* ShaderMenuViewController.h */,
				AEA3B58517360BBA00786DA2 /* ShaderMenuViewController.m */,
				AEA3B5781732327200786DA2 /* ShaderViewController.h */,
				AEA3B5791732327200786DA2 /* ShaderViewController.m */,
				AEB028261753F26100757AF8 /* ShaderView.h */,
				AEB028271753F26100757AF8 /* ShaderView.m */,
				AEADD6F71803FF89001C57B5 /* ShaderToyDefines.h */,
				AE23BC8D184DD33A009F4531 /* UIWebViewController.h */,
				AE23BC8E184DD33A009F4531 /* UIWebViewController.m */,
				AEA3B5571730E6C700786DA2 /* MainStoryboard.storyboard */,
				AE2A5DD51AE0DE07004B68D4 /* Launch Screen.xib */,
				AE2A5DD71AE16EBF004B68D4 /* Images.xcassets */,
				AEA3B5691731104A00786DA2 /* Resources */,
				AEA3B5461730E6C700786DA2 /* Supporting Files */,
			);
			name = Shadertoy;
			path = ShaderToy;
			sourceTree = "<group>";
		};
		AEA3B5461730E6C700786DA2 /* Supporting Files */ = {
			isa = PBXGroup;
			children = (
				AEA3B5481730E6C700786DA2 /* InfoPlist.strings */,
				AEA3B54B1730E6C700786DA2 /* main.m */,
				AEA3B5471730E6C700786DA2 /* Shadertoy-Info.plist */,
				AEA3B54D1730E6C700786DA2 /* Shadertoy-Prefix.pch */,
			);
			name = "Supporting Files";
			sourceTree = "<group>";
		};
		AEA3B5691731104A00786DA2 /* Resources */ = {
			isa = PBXGroup;
			children = (
				AED5F46617FBFB1E003F6B6F /* Shadertoy.entitlements */,
				AE933D6217370EE0009EAF41 /* cellbg.png */,
				AEBC41601777FE290024D73C /* background.png */,
				AE933D581736F601009EAF41 /* Shader.vsh */,
				AEBC415E1776D2F80024D73C /* logo.json */,
			);
			name = Resources;
			sourceTree = "<group>";
		};
		AEAE17F2174B635600764D5B /* Rendering */ = {
			isa = PBXGroup;
			children = (
				AEBF32B2176457EB00DEEF71 /* ShaderManager.h */,
				AEBF32B3176457EB00DEEF71 /* ShaderManager.m */,
				AEBC415B177444AF0024D73C /* ChannelResourceManager.h */,
				AEBC415C177444AF0024D73C /* ChannelResourceManager.m */,
				AEAE17F3174B637000764D5B /* Plane.h */,
				AEAE17F4174B637000764D5B /* Plane.m */,
			);
			name = Rendering;
			sourceTree = "<group>";
		};
		C1991658946DD7E27CAAFF3D /* Pods */ = {
			isa = PBXGroup;
			children = (
				64CBB0693007A124FA98254F /* Pods-Shadertoy.debug.xcconfig */,
				2B7E6DA263432B8631FAC143 /* Pods-Shadertoy.release.xcconfig */,
			);
			name = Pods;
			sourceTree = "<group>";
		};
/* End PBXGroup section */

/* Begin PBXNativeTarget section */
		AEA3B53B1730E6C700786DA2 /* Shadertoy */ = {
			isa = PBXNativeTarget;
			buildConfigurationList = AEA3B5621730E6C700786DA2 /* Build configuration list for PBXNativeTarget "Shadertoy" */;
			buildPhases = (
				3FF2895DC70EB8F7278629C1 /* Check Pods Manifest.lock */,
				AEA3B5381730E6C700786DA2 /* Sources */,
				AEA3B5391730E6C700786DA2 /* Frameworks */,
				AEA3B53A1730E6C700786DA2 /* Resources */,
				29A6F0FBE80B7C812120CF27 /* Copy Pods Resources */,
			);
			buildRules = (
			);
			dependencies = (
			);
			name = Shadertoy;
			productName = ShaderToy;
			productReference = AEA3B53C1730E6C700786DA2 /* Shadertoy.app */;
			productType = "com.apple.product-type.application";
		};
/* End PBXNativeTarget section */

/* Begin PBXProject section */
		AEA3B5341730E6C700786DA2 /* Project object */ = {
			isa = PBXProject;
			attributes = {
				LastUpgradeCheck = 0500;
				ORGANIZATIONNAME = "Ricardo Chavarria";
				TargetAttributes = {
					AEA3B53B1730E6C700786DA2 = {
						DevelopmentTeam = S6BWLQXDC7;
						SystemCapabilities = {
							com.apple.InterAppAudio = {
								enabled = 0;
							};
						};
					};
				};
			};
			buildConfigurationList = AEA3B5371730E6C700786DA2 /* Build configuration list for PBXProject "Shadertoy" */;
			compatibilityVersion = "Xcode 3.2";
			developmentRegion = English;
			hasScannedForEncodings = 0;
			knownRegions = (
				en,
			);
			mainGroup = AEA3B5331730E6C700786DA2;
			productRefGroup = AEA3B53D1730E6C700786DA2 /* Products */;
			projectDirPath = "";
			projectRoot = "";
			targets = (
				AEA3B53B1730E6C700786DA2 /* Shadertoy */,
			);
		};
/* End PBXProject section */

/* Begin PBXResourcesBuildPhase section */
		AEA3B53A1730E6C700786DA2 /* Resources */ = {
			isa = PBXResourcesBuildPhase;
			buildActionMask = 2147483647;
			files = (
				AE2A5DD81AE16EBF004B68D4 /* Images.xcassets in Resources */,
				AEA3B54A1730E6C700786DA2 /* InfoPlist.strings in Resources */,
				AEBC41621777FE290024D73C /* background.png in Resources */,
				AEA3B5591730E6C700786DA2 /* MainStoryboard.storyboard in Resources */,
				AE933D6317370EE0009EAF41 /* cellbg.png in Resources */,
				AEBC415F1776D2F80024D73C /* logo.json in Resources */,
				AE933D71173A4B6E009EAF41 /* Shader.vsh in Resources */,
				AE2A5DD61AE0DE07004B68D4 /* Launch Screen.xib in Resources */,
			);
			runOnlyForDeploymentPostprocessing = 0;
		};
/* End PBXResourcesBuildPhase section */

/* Begin PBXShellScriptBuildPhase section */
		29A6F0FBE80B7C812120CF27 /* Copy Pods Resources */ = {
			isa = PBXShellScriptBuildPhase;
			buildActionMask = 2147483647;
			files = (
			);
			inputPaths = (
			);
			name = "Copy Pods Resources";
			outputPaths = (
			);
			runOnlyForDeploymentPostprocessing = 0;
			shellPath = /bin/sh;
			shellScript = "\"${SRCROOT}/Pods/Target Support Files/Pods-Shadertoy/Pods-Shadertoy-resources.sh\"\n";
			showEnvVarsInLog = 0;
		};
		3FF2895DC70EB8F7278629C1 /* Check Pods Manifest.lock */ = {
			isa = PBXShellScriptBuildPhase;
			buildActionMask = 2147483647;
			files = (
			);
			inputPaths = (
			);
			name = "Check Pods Manifest.lock";
			outputPaths = (
			);
			runOnlyForDeploymentPostprocessing = 0;
			shellPath = /bin/sh;
			shellScript = "diff \"${PODS_ROOT}/../Podfile.lock\" \"${PODS_ROOT}/Manifest.lock\" > /dev/null\nif [[ $? != 0 ]] ; then\n    cat << EOM\nerror: The sandbox is not in sync with the Podfile.lock. Run 'pod install' or update your CocoaPods installation.\nEOM\n    exit 1\nfi\n";
			showEnvVarsInLog = 0;
		};
/* End PBXShellScriptBuildPhase section */

/* Begin PBXSourcesBuildPhase section */
		AEA3B5381730E6C700786DA2 /* Sources */ = {
			isa = PBXSourcesBuildPhase;
			buildActionMask = 2147483647;
			files = (
				AEBC415D177444AF0024D73C /* ChannelResourceManager.m in Sources */,
				AEBC414F1771B3B40024D73C /* ShaderInfo.m in Sources */,
				AEA3B54C1730E6C700786DA2 /* main.m in Sources */,
				AEA3B5501730E6C700786DA2 /* AppDelegate.m in Sources */,
				AEA3B55F1730E6C700786DA2 /* GalleryViewController.mm in Sources */,
				AEA3B57B1732327200786DA2 /* ShaderViewController.m in Sources */,
				AEA3B58617360BBA00786DA2 /* ShaderMenuViewController.m in Sources */,
				AEA3B58E1736E82A00786DA2 /* ShaderMenuCell.m in Sources */,
				AEAE17F5174B637000764D5B /* Plane.m in Sources */,
				AEB028281753F26100757AF8 /* ShaderView.m in Sources */,
				AEADD6F61803DB28001C57B5 /* ShaderRequest.m in Sources */,
				AE23BC8F184DD33A009F4531 /* UIWebViewController.m in Sources */,
				AEBF32B4176457EB00DEEF71 /* ShaderManager.m in Sources */,
				AE85EACA17933DEE0090DC1F /* ShaderInfoViewController.m in Sources */,
			);
			runOnlyForDeploymentPostprocessing = 0;
		};
/* End PBXSourcesBuildPhase section */

/* Begin PBXVariantGroup section */
		AEA3B5481730E6C700786DA2 /* InfoPlist.strings */ = {
			isa = PBXVariantGroup;
			children = (
				AEA3B5491730E6C700786DA2 /* en */,
			);
			name = InfoPlist.strings;
			sourceTree = "<group>";
		};
		AEA3B5571730E6C700786DA2 /* MainStoryboard.storyboard */ = {
			isa = PBXVariantGroup;
			children = (
				AEA3B5581730E6C700786DA2 /* en */,
			);
			name = MainStoryboard.storyboard;
			sourceTree = "<group>";
		};
/* End PBXVariantGroup section */

/* Begin XCBuildConfiguration section */
		AEA3B5601730E6C700786DA2 /* Debug */ = {
			isa = XCBuildConfiguration;
			buildSettings = {
				ALWAYS_SEARCH_USER_PATHS = NO;
				CLANG_CXX_LANGUAGE_STANDARD = "gnu++0x";
				CLANG_CXX_LIBRARY = "libc++";
				CLANG_ENABLE_MODULES = NO;
				CLANG_ENABLE_OBJC_ARC = YES;
				CLANG_WARN_CONSTANT_CONVERSION = YES;
				CLANG_WARN_EMPTY_BODY = YES;
				CLANG_WARN_ENUM_CONVERSION = YES;
				CLANG_WARN_INT_CONVERSION = YES;
				CLANG_WARN__DUPLICATE_METHOD_MATCH = YES;
				"CODE_SIGN_IDENTITY[sdk=iphoneos*]" = "iPhone Developer";
				COPY_PHASE_STRIP = NO;
				GCC_C_LANGUAGE_STANDARD = gnu99;
				GCC_DYNAMIC_NO_PIC = NO;
				GCC_OPTIMIZATION_LEVEL = 0;
				GCC_PREPROCESSOR_DEFINITIONS = (
					"DEBUG=1",
					"$(inherited)",
				);
				GCC_SYMBOLS_PRIVATE_EXTERN = NO;
				GCC_WARN_ABOUT_RETURN_TYPE = YES;
				GCC_WARN_UNINITIALIZED_AUTOS = YES;
				GCC_WARN_UNUSED_VARIABLE = YES;
				IPHONEOS_DEPLOYMENT_TARGET = 6.1;
				ONLY_ACTIVE_ARCH = YES;
				SDKROOT = iphoneos;
				TARGETED_DEVICE_FAMILY = "1,2";
			};
			name = Debug;
		};
		AEA3B5611730E6C700786DA2 /* Release */ = {
			isa = XCBuildConfiguration;
			buildSettings = {
				ALWAYS_SEARCH_USER_PATHS = NO;
				CLANG_CXX_LANGUAGE_STANDARD = "gnu++0x";
				CLANG_CXX_LIBRARY = "libc++";
				CLANG_ENABLE_MODULES = NO;
				CLANG_ENABLE_OBJC_ARC = YES;
				CLANG_WARN_CONSTANT_CONVERSION = YES;
				CLANG_WARN_EMPTY_BODY = YES;
				CLANG_WARN_ENUM_CONVERSION = YES;
				CLANG_WARN_INT_CONVERSION = YES;
				CLANG_WARN__DUPLICATE_METHOD_MATCH = YES;
				"CODE_SIGN_IDENTITY[sdk=iphoneos*]" = "iPhone Developer";
				COPY_PHASE_STRIP = YES;
				GCC_C_LANGUAGE_STANDARD = gnu99;
				GCC_WARN_ABOUT_RETURN_TYPE = YES;
				GCC_WARN_UNINITIALIZED_AUTOS = YES;
				GCC_WARN_UNUSED_VARIABLE = YES;
				IPHONEOS_DEPLOYMENT_TARGET = 6.1;
				OTHER_CFLAGS = "-DNS_BLOCK_ASSERTIONS=1";
				SDKROOT = iphoneos;
				TARGETED_DEVICE_FAMILY = "1,2";
				VALIDATE_PRODUCT = YES;
			};
			name = Release;
		};
		AEA3B5631730E6C700786DA2 /* Debug */ = {
			isa = XCBuildConfiguration;
			baseConfigurationReference = 64CBB0693007A124FA98254F /* Pods-Shadertoy.debug.xcconfig */;
			buildSettings = {
				ASSETCATALOG_COMPILER_APPICON_NAME = AppIcon;
				CODE_SIGN_IDENTITY = "iPhone Developer";
				"CODE_SIGN_IDENTITY[sdk=iphoneos*]" = "iPhone Developer";
				GCC_PRECOMPILE_PREFIX_HEADER = YES;
				GCC_PREFIX_HEADER = "ShaderToy/Shadertoy-Prefix.pch";
				INFOPLIST_FILE = "$(SRCROOT)/ShaderToy/Shadertoy-Info.plist";
				IPHONEOS_DEPLOYMENT_TARGET = 8.2;
				PRODUCT_NAME = Shadertoy;
				PROVISIONING_PROFILE = "";
				WRAPPER_EXTENSION = app;
			};
			name = Debug;
		};
		AEA3B5641730E6C700786DA2 /* Release */ = {
			isa = XCBuildConfiguration;
			baseConfigurationReference = 2B7E6DA263432B8631FAC143 /* Pods-Shadertoy.release.xcconfig */;
			buildSettings = {
				ASSETCATALOG_COMPILER_APPICON_NAME = AppIcon;
				CODE_SIGN_IDENTITY = "iPhone Developer";
				"CODE_SIGN_IDENTITY[sdk=iphoneos*]" = "iPhone Developer";
				GCC_PRECOMPILE_PREFIX_HEADER = YES;
				GCC_PREFIX_HEADER = "ShaderToy/Shadertoy-Prefix.pch";
				INFOPLIST_FILE = "$(SRCROOT)/ShaderToy/Shadertoy-Info.plist";
				IPHONEOS_DEPLOYMENT_TARGET = 8.2;
				PRODUCT_NAME = Shadertoy;
				PROVISIONING_PROFILE = "";
				WRAPPER_EXTENSION = app;
			};
			name = Release;
		};
/* End XCBuildConfiguration section */

/* Begin XCConfigurationList section */
		AEA3B5371730E6C700786DA2 /* Build configuration list for PBXProject "Shadertoy" */ = {
			isa = XCConfigurationList;
			buildConfigurations = (
				AEA3B5601730E6C700786DA2 /* Debug */,
				AEA3B5611730E6C700786DA2 /* Release */,
			);
			defaultConfigurationIsVisible = 0;
			defaultConfigurationName = Release;
		};
		AEA3B5621730E6C700786DA2 /* Build configuration list for PBXNativeTarget "Shadertoy" */ = {
			isa = XCConfigurationList;
			buildConfigurations = (
				AEA3B5631730E6C700786DA2 /* Debug */,
				AEA3B5641730E6C700786DA2 /* Release */,
			);
			defaultConfigurationIsVisible = 0;
			defaultConfigurationName = Release;
		};
/* End XCConfigurationList section */
	};
	rootObject = AEA3B5341730E6C700786DA2 /* Project object */;
}
