// !$*UTF8*$!
{
	archiveVersion = 1;
	classes = {
	};
	objectVersion = 46;
	objects = {

/* Begin PBXBuildFile section */
		AE5CAB911797B838000924C3 /* Icon-Small-50.png in Resources */ = {isa = PBXBuildFile; fileRef = AE5CAB871797B838000924C3 /* Icon-Small-50.png */; };
		AE5CAB921797B838000924C3 /* Icon-Small-50@2x.png in Resources */ = {isa = PBXBuildFile; fileRef = AE5CAB881797B838000924C3 /* Icon-Small-50@2x.png */; };
		AE5CAB931797B838000924C3 /* Icon-Small.png in Resources */ = {isa = PBXBuildFile; fileRef = AE5CAB891797B838000924C3 /* Icon-Small.png */; };
		AE5CAB941797B838000924C3 /* Icon-Small@2x.png in Resources */ = {isa = PBXBuildFile; fileRef = AE5CAB8A1797B838000924C3 /* Icon-Small@2x.png */; };
		AE5CAB9A1797B856000924C3 /* Icon.png in Resources */ = {isa = PBXBuildFile; fileRef = AE5CAB991797B856000924C3 /* Icon.png */; };
		AE5CAB9C1797B85A000924C3 /* Icon@2x.png in Resources */ = {isa = PBXBuildFile; fileRef = AE5CAB9B1797B85A000924C3 /* Icon@2x.png */; };
		AE5CAB9E1797B870000924C3 /* Icon-72.png in Resources */ = {isa = PBXBuildFile; fileRef = AE5CAB9D1797B870000924C3 /* Icon-72.png */; };
		AE5CABA01797B873000924C3 /* Icon-72@2x.png in Resources */ = {isa = PBXBuildFile; fileRef = AE5CAB9F1797B873000924C3 /* Icon-72@2x.png */; };
		AE5CABA91798F843000924C3 /* love.png in Resources */ = {isa = PBXBuildFile; fileRef = AE5CABA51798F843000924C3 /* love.png */; };
		AE5CABAA1798F843000924C3 /* menu.png in Resources */ = {isa = PBXBuildFile; fileRef = AE5CABA61798F843000924C3 /* menu.png */; };
		AE5CABAB1798F843000924C3 /* share.png in Resources */ = {isa = PBXBuildFile; fileRef = AE5CABA71798F843000924C3 /* share.png */; };
		AE5CABAC1798F843000924C3 /* time.png in Resources */ = {isa = PBXBuildFile; fileRef = AE5CABA81798F843000924C3 /* time.png */; };
		AE5CABAE1798FBEC000924C3 /* fire.png in Resources */ = {isa = PBXBuildFile; fileRef = AE5CABAD1798FBEC000924C3 /* fire.png */; };
		AE5CABB01798FCA9000924C3 /* love_hollow.png in Resources */ = {isa = PBXBuildFile; fileRef = AE5CABAF1798FCA9000924C3 /* love_hollow.png */; };
		AE5CABB21798FF35000924C3 /* logo-toolbar.png in Resources */ = {isa = PBXBuildFile; fileRef = AE5CABB11798FF35000924C3 /* logo-toolbar.png */; };
		AE5CABB917992900000924C3 /* fire_selected.png in Resources */ = {isa = PBXBuildFile; fileRef = AE5CABB317992900000924C3 /* fire_selected.png */; };
		AE5CABBA17992900000924C3 /* love_hollow_selected.png in Resources */ = {isa = PBXBuildFile; fileRef = AE5CABB417992900000924C3 /* love_hollow_selected.png */; };
		AE5CABBB17992900000924C3 /* love_selected.png in Resources */ = {isa = PBXBuildFile; fileRef = AE5CABB517992900000924C3 /* love_selected.png */; };
		AE5CABBC17992900000924C3 /* menu_selected.png in Resources */ = {isa = PBXBuildFile; fileRef = AE5CABB617992900000924C3 /* menu_selected.png */; };
		AE5CABBD17992900000924C3 /* share_selected.png in Resources */ = {isa = PBXBuildFile; fileRef = AE5CABB717992900000924C3 /* share_selected.png */; };
		AE5CABBE17992900000924C3 /* time_selected.png in Resources */ = {isa = PBXBuildFile; fileRef = AE5CABB817992900000924C3 /* time_selected.png */; };
		AE5CABC9179BD925000924C3 /* SWRevealViewController.m in Sources */ = {isa = PBXBuildFile; fileRef = AE5CABC8179BD925000924C3 /* SWRevealViewController.m */; };
		AE5CABCC179C8570000924C3 /* eye_selected.png in Resources */ = {isa = PBXBuildFile; fileRef = AE5CABCA179C8570000924C3 /* eye_selected.png */; };
		AE5CABCD179C8570000924C3 /* eye.png in Resources */ = {isa = PBXBuildFile; fileRef = AE5CABCB179C8570000924C3 /* eye.png */; };
		AE85EACA17933DEE0090DC1F /* ShaderInfoViewController.m in Sources */ = {isa = PBXBuildFile; fileRef = AE85EAC817933DEE0090DC1F /* ShaderInfoViewController.m */; };
		AE933D5F1736F725009EAF41 /* OpenGLES.framework in Frameworks */ = {isa = PBXBuildFile; fileRef = AE933D5E1736F725009EAF41 /* OpenGLES.framework */; };
		AE933D611736F731009EAF41 /* GLKit.framework in Frameworks */ = {isa = PBXBuildFile; fileRef = AE933D601736F731009EAF41 /* GLKit.framework */; };
		AE933D6317370EE0009EAF41 /* cellbg.png in Resources */ = {isa = PBXBuildFile; fileRef = AE933D6217370EE0009EAF41 /* cellbg.png */; };
		AE933D6F173A3AE6009EAF41 /* QuartzCore.framework in Frameworks */ = {isa = PBXBuildFile; fileRef = AE933D6E173A3AE6009EAF41 /* QuartzCore.framework */; };
		AE933D71173A4B6E009EAF41 /* Shader.vsh in Resources */ = {isa = PBXBuildFile; fileRef = AE933D581736F601009EAF41 /* Shader.vsh */; };
		AE970B71178F258C00DD17F3 /* Accelerate.framework in Frameworks */ = {isa = PBXBuildFile; fileRef = AE970B70178F258C00DD17F3 /* Accelerate.framework */; };
		AEA3B5401730E6C700786DA2 /* UIKit.framework in Frameworks */ = {isa = PBXBuildFile; fileRef = AEA3B53F1730E6C700786DA2 /* UIKit.framework */; };
		AEA3B5421730E6C700786DA2 /* Foundation.framework in Frameworks */ = {isa = PBXBuildFile; fileRef = AEA3B5411730E6C700786DA2 /* Foundation.framework */; };
		AEA3B5441730E6C700786DA2 /* CoreGraphics.framework in Frameworks */ = {isa = PBXBuildFile; fileRef = AEA3B5431730E6C700786DA2 /* CoreGraphics.framework */; };
		AEA3B54A1730E6C700786DA2 /* InfoPlist.strings in Resources */ = {isa = PBXBuildFile; fileRef = AEA3B5481730E6C700786DA2 /* InfoPlist.strings */; };
		AEA3B54C1730E6C700786DA2 /* main.m in Sources */ = {isa = PBXBuildFile; fileRef = AEA3B54B1730E6C700786DA2 /* main.m */; };
		AEA3B5501730E6C700786DA2 /* AppDelegate.m in Sources */ = {isa = PBXBuildFile; fileRef = AEA3B54F1730E6C700786DA2 /* AppDelegate.m */; };
		AEA3B5591730E6C700786DA2 /* MainStoryboard_iPhone.storyboard in Resources */ = {isa = PBXBuildFile; fileRef = AEA3B5571730E6C700786DA2 /* MainStoryboard_iPhone.storyboard */; };
		AEA3B55C1730E6C700786DA2 /* MainStoryboard_iPad.storyboard in Resources */ = {isa = PBXBuildFile; fileRef = AEA3B55A1730E6C700786DA2 /* MainStoryboard_iPad.storyboard */; };
		AEA3B55F1730E6C700786DA2 /* GalleryViewController.mm in Sources */ = {isa = PBXBuildFile; fileRef = AEA3B55E1730E6C700786DA2 /* GalleryViewController.mm */; };
		AEA3B57B1732327200786DA2 /* ShaderViewController.m in Sources */ = {isa = PBXBuildFile; fileRef = AEA3B5791732327200786DA2 /* ShaderViewController.m */; };
		AEA3B58617360BBA00786DA2 /* ShaderMenuViewController.m in Sources */ = {isa = PBXBuildFile; fileRef = AEA3B58517360BBA00786DA2 /* ShaderMenuViewController.m */; };
		AEA3B58E1736E82A00786DA2 /* ShaderMenuCell.m in Sources */ = {isa = PBXBuildFile; fileRef = AEA3B58D1736E82A00786DA2 /* ShaderMenuCell.m */; };
		AEADD6F61803DB28001C57B5 /* ShaderRequest.m in Sources */ = {isa = PBXBuildFile; fileRef = AEADD6F51803DB28001C57B5 /* ShaderRequest.m */; };
		AEAE17F5174B637000764D5B /* Plane.m in Sources */ = {isa = PBXBuildFile; fileRef = AEAE17F4174B637000764D5B /* Plane.m */; };
		AEAEEA6817422B1D003F74D3 /* Social.framework in Frameworks */ = {isa = PBXBuildFile; fileRef = AEAEEA6717422B1D003F74D3 /* Social.framework */; };
		AEB028281753F26100757AF8 /* ShaderView.m in Sources */ = {isa = PBXBuildFile; fileRef = AEB028271753F26100757AF8 /* ShaderView.m */; };
		AEBC414F1771B3B40024D73C /* ShaderInfo.m in Sources */ = {isa = PBXBuildFile; fileRef = AE1EF6081771923000A1251C /* ShaderInfo.m */; };
		AEBC415D177444AF0024D73C /* ChannelResourceManager.m in Sources */ = {isa = PBXBuildFile; fileRef = AEBC415C177444AF0024D73C /* ChannelResourceManager.m */; };
		AEBC415F1776D2F80024D73C /* logo.json in Resources */ = {isa = PBXBuildFile; fileRef = AEBC415E1776D2F80024D73C /* logo.json */; };
		AEBC41621777FE290024D73C /* background.png in Resources */ = {isa = PBXBuildFile; fileRef = AEBC41601777FE290024D73C /* background.png */; };
		AEBF32A31757503A00DEEF71 /* Default@2x.png in Resources */ = {isa = PBXBuildFile; fileRef = AEBF32A21757503A00DEEF71 /* Default@2x.png */; };
		AEBF32A51757504400DEEF71 /* Default.png in Resources */ = {isa = PBXBuildFile; fileRef = AEBF32A41757504400DEEF71 /* Default.png */; };
		AEBF32A71757504C00DEEF71 /* Default-568h@2x.png in Resources */ = {isa = PBXBuildFile; fileRef = AEBF32A61757504C00DEEF71 /* Default-568h@2x.png */; };
		AEBF32A91757506B00DEEF71 /* Default-Portrait~ipad.png in Resources */ = {isa = PBXBuildFile; fileRef = AEBF32A81757506B00DEEF71 /* Default-Portrait~ipad.png */; };
		AEBF32AB1757506D00DEEF71 /* Default-Portrait@2x~ipad.png in Resources */ = {isa = PBXBuildFile; fileRef = AEBF32AA1757506D00DEEF71 /* Default-Portrait@2x~ipad.png */; };
		AEBF32AD1757507300DEEF71 /* Default-Landscape~ipad.png in Resources */ = {isa = PBXBuildFile; fileRef = AEBF32AC1757507300DEEF71 /* Default-Landscape~ipad.png */; };
		AEBF32AF1757507500DEEF71 /* Default-Landscape@2x~ipad.png in Resources */ = {isa = PBXBuildFile; fileRef = AEBF32AE1757507500DEEF71 /* Default-Landscape@2x~ipad.png */; };
		AEBF32B4176457EB00DEEF71 /* ShaderManager.m in Sources */ = {isa = PBXBuildFile; fileRef = AEBF32B3176457EB00DEEF71 /* ShaderManager.m */; };
		AEC8A5D0179905BA0040AAEF /* logo-text.png in Resources */ = {isa = PBXBuildFile; fileRef = AEC8A5CF179905BA0040AAEF /* logo-text.png */; };
		AED8869217D085DD00093573 /* loading.png in Resources */ = {isa = PBXBuildFile; fileRef = AED8869117D085DD00093573 /* loading.png */; };
		E297418517D0807500D39049 /* AudioController.mm in Sources */ = {isa = PBXBuildFile; fileRef = E297418417D0807500D39049 /* AudioController.mm */; };
		E297418717D0809F00D39049 /* AudioToolbox.framework in Frameworks */ = {isa = PBXBuildFile; fileRef = E297418617D0809F00D39049 /* AudioToolbox.framework */; };
		E297418A17D08DAD00D39049 /* FFTBufferManager.cpp in Sources */ = {isa = PBXBuildFile; fileRef = E297418817D08DAD00D39049 /* FFTBufferManager.cpp */; };
/* End PBXBuildFile section */

/* Begin PBXFileReference section */
		AE1EF6071771923000A1251C /* ShaderInfo.h */ = {isa = PBXFileReference; lastKnownFileType = sourcecode.c.h; lineEnding = 0; path = ShaderInfo.h; sourceTree = "<group>"; xcLanguageSpecificationIdentifier = xcode.lang.objcpp; };
		AE1EF6081771923000A1251C /* ShaderInfo.m */ = {isa = PBXFileReference; lastKnownFileType = sourcecode.c.objc; lineEnding = 0; path = ShaderInfo.m; sourceTree = "<group>"; xcLanguageSpecificationIdentifier = xcode.lang.objc; };
		AE5CAB871797B838000924C3 /* Icon-Small-50.png */ = {isa = PBXFileReference; lastKnownFileType = image.png; path = "Icon-Small-50.png"; sourceTree = "<group>"; };
		AE5CAB881797B838000924C3 /* Icon-Small-50@2x.png */ = {isa = PBXFileReference; lastKnownFileType = image.png; path = "Icon-Small-50@2x.png"; sourceTree = "<group>"; };
		AE5CAB891797B838000924C3 /* Icon-Small.png */ = {isa = PBXFileReference; lastKnownFileType = image.png; path = "Icon-Small.png"; sourceTree = "<group>"; };
		AE5CAB8A1797B838000924C3 /* Icon-Small@2x.png */ = {isa = PBXFileReference; lastKnownFileType = image.png; path = "Icon-Small@2x.png"; sourceTree = "<group>"; };
		AE5CAB991797B856000924C3 /* Icon.png */ = {isa = PBXFileReference; lastKnownFileType = image.png; name = Icon.png; path = ../../Icon.png; sourceTree = "<group>"; };
		AE5CAB9B1797B85A000924C3 /* Icon@2x.png */ = {isa = PBXFileReference; lastKnownFileType = image.png; name = "Icon@2x.png"; path = "../../Icon@2x.png"; sourceTree = "<group>"; };
		AE5CAB9D1797B870000924C3 /* Icon-72.png */ = {isa = PBXFileReference; lastKnownFileType = image.png; name = "Icon-72.png"; path = "../../Icon-72.png"; sourceTree = "<group>"; };
		AE5CAB9F1797B873000924C3 /* Icon-72@2x.png */ = {isa = PBXFileReference; lastKnownFileType = image.png; name = "Icon-72@2x.png"; path = "../../Icon-72@2x.png"; sourceTree = "<group>"; };
		AE5CABA51798F843000924C3 /* love.png */ = {isa = PBXFileReference; lastKnownFileType = image.png; name = love.png; path = Art/Icons/love.png; sourceTree = SOURCE_ROOT; };
		AE5CABA61798F843000924C3 /* menu.png */ = {isa = PBXFileReference; lastKnownFileType = image.png; name = menu.png; path = Art/Icons/menu.png; sourceTree = SOURCE_ROOT; };
		AE5CABA71798F843000924C3 /* share.png */ = {isa = PBXFileReference; lastKnownFileType = image.png; name = share.png; path = Art/Icons/share.png; sourceTree = SOURCE_ROOT; };
		AE5CABA81798F843000924C3 /* time.png */ = {isa = PBXFileReference; lastKnownFileType = image.png; name = time.png; path = Art/Icons/time.png; sourceTree = SOURCE_ROOT; };
		AE5CABAD1798FBEC000924C3 /* fire.png */ = {isa = PBXFileReference; lastKnownFileType = image.png; name = fire.png; path = Art/Icons/fire.png; sourceTree = SOURCE_ROOT; };
		AE5CABAF1798FCA9000924C3 /* love_hollow.png */ = {isa = PBXFileReference; lastKnownFileType = image.png; name = love_hollow.png; path = Art/Icons/love_hollow.png; sourceTree = SOURCE_ROOT; };
		AE5CABB11798FF35000924C3 /* logo-toolbar.png */ = {isa = PBXFileReference; lastKnownFileType = image.png; name = "logo-toolbar.png"; path = "Art/Icons/logo-toolbar.png"; sourceTree = SOURCE_ROOT; };
		AE5CABB317992900000924C3 /* fire_selected.png */ = {isa = PBXFileReference; lastKnownFileType = image.png; name = fire_selected.png; path = Art/Icons/fire_selected.png; sourceTree = SOURCE_ROOT; };
		AE5CABB417992900000924C3 /* love_hollow_selected.png */ = {isa = PBXFileReference; lastKnownFileType = image.png; name = love_hollow_selected.png; path = Art/Icons/love_hollow_selected.png; sourceTree = SOURCE_ROOT; };
		AE5CABB517992900000924C3 /* love_selected.png */ = {isa = PBXFileReference; lastKnownFileType = image.png; name = love_selected.png; path = Art/Icons/love_selected.png; sourceTree = SOURCE_ROOT; };
		AE5CABB617992900000924C3 /* menu_selected.png */ = {isa = PBXFileReference; lastKnownFileType = image.png; name = menu_selected.png; path = Art/Icons/menu_selected.png; sourceTree = SOURCE_ROOT; };
		AE5CABB717992900000924C3 /* share_selected.png */ = {isa = PBXFileReference; lastKnownFileType = image.png; name = share_selected.png; path = Art/Icons/share_selected.png; sourceTree = SOURCE_ROOT; };
		AE5CABB817992900000924C3 /* time_selected.png */ = {isa = PBXFileReference; lastKnownFileType = image.png; name = time_selected.png; path = Art/Icons/time_selected.png; sourceTree = SOURCE_ROOT; };
		AE5CABC7179BD925000924C3 /* SWRevealViewController.h */ = {isa = PBXFileReference; fileEncoding = 4; lastKnownFileType = sourcecode.c.h; path = SWRevealViewController.h; sourceTree = "<group>"; };
		AE5CABC8179BD925000924C3 /* SWRevealViewController.m */ = {isa = PBXFileReference; fileEncoding = 4; lastKnownFileType = sourcecode.c.objc; path = SWRevealViewController.m; sourceTree = "<group>"; };
		AE5CABCA179C8570000924C3 /* eye_selected.png */ = {isa = PBXFileReference; lastKnownFileType = image.png; name = eye_selected.png; path = Art/Icons/eye_selected.png; sourceTree = SOURCE_ROOT; };
		AE5CABCB179C8570000924C3 /* eye.png */ = {isa = PBXFileReference; lastKnownFileType = image.png; name = eye.png; path = Art/Icons/eye.png; sourceTree = SOURCE_ROOT; };
		AE85EAC717933DEE0090DC1F /* ShaderInfoViewController.h */ = {isa = PBXFileReference; fileEncoding = 4; lastKnownFileType = sourcecode.c.h; lineEnding = 0; path = ShaderInfoViewController.h; sourceTree = "<group>"; xcLanguageSpecificationIdentifier = xcode.lang.objcpp; };
		AE85EAC817933DEE0090DC1F /* ShaderInfoViewController.m */ = {isa = PBXFileReference; fileEncoding = 4; lastKnownFileType = sourcecode.c.objc; lineEnding = 0; path = ShaderInfoViewController.m; sourceTree = "<group>"; xcLanguageSpecificationIdentifier = xcode.lang.objc; };
		AE933D581736F601009EAF41 /* Shader.vsh */ = {isa = PBXFileReference; fileEncoding = 4; lastKnownFileType = sourcecode.glsl; path = Shader.vsh; sourceTree = "<group>"; };
		AE933D5E1736F725009EAF41 /* OpenGLES.framework */ = {isa = PBXFileReference; lastKnownFileType = wrapper.framework; name = OpenGLES.framework; path = System/Library/Frameworks/OpenGLES.framework; sourceTree = SDKROOT; };
		AE933D601736F731009EAF41 /* GLKit.framework */ = {isa = PBXFileReference; lastKnownFileType = wrapper.framework; name = GLKit.framework; path = System/Library/Frameworks/GLKit.framework; sourceTree = SDKROOT; };
		AE933D6217370EE0009EAF41 /* cellbg.png */ = {isa = PBXFileReference; lastKnownFileType = image.png; path = cellbg.png; sourceTree = "<group>"; };
		AE933D6E173A3AE6009EAF41 /* QuartzCore.framework */ = {isa = PBXFileReference; lastKnownFileType = wrapper.framework; name = QuartzCore.framework; path = System/Library/Frameworks/QuartzCore.framework; sourceTree = SDKROOT; };
		AE970B70178F258C00DD17F3 /* Accelerate.framework */ = {isa = PBXFileReference; lastKnownFileType = wrapper.framework; name = Accelerate.framework; path = System/Library/Frameworks/Accelerate.framework; sourceTree = SDKROOT; };
		AEA3B53C1730E6C700786DA2 /* Shadertoy.app */ = {isa = PBXFileReference; explicitFileType = wrapper.application; includeInIndex = 0; path = Shadertoy.app; sourceTree = BUILT_PRODUCTS_DIR; };
		AEA3B53F1730E6C700786DA2 /* UIKit.framework */ = {isa = PBXFileReference; lastKnownFileType = wrapper.framework; name = UIKit.framework; path = System/Library/Frameworks/UIKit.framework; sourceTree = SDKROOT; };
		AEA3B5411730E6C700786DA2 /* Foundation.framework */ = {isa = PBXFileReference; lastKnownFileType = wrapper.framework; name = Foundation.framework; path = System/Library/Frameworks/Foundation.framework; sourceTree = SDKROOT; };
		AEA3B5431730E6C700786DA2 /* CoreGraphics.framework */ = {isa = PBXFileReference; lastKnownFileType = wrapper.framework; name = CoreGraphics.framework; path = System/Library/Frameworks/CoreGraphics.framework; sourceTree = SDKROOT; };
		AEA3B5471730E6C700786DA2 /* Shadertoy-Info.plist */ = {isa = PBXFileReference; lastKnownFileType = text.plist.xml; path = "Shadertoy-Info.plist"; sourceTree = "<group>"; };
		AEA3B5491730E6C700786DA2 /* en */ = {isa = PBXFileReference; lastKnownFileType = text.plist.strings; name = en; path = en.lproj/InfoPlist.strings; sourceTree = "<group>"; };
		AEA3B54B1730E6C700786DA2 /* main.m */ = {isa = PBXFileReference; lastKnownFileType = sourcecode.c.objc; lineEnding = 0; path = main.m; sourceTree = "<group>"; xcLanguageSpecificationIdentifier = xcode.lang.objc; };
		AEA3B54D1730E6C700786DA2 /* Shadertoy-Prefix.pch */ = {isa = PBXFileReference; lastKnownFileType = sourcecode.c.h; lineEnding = 0; path = "Shadertoy-Prefix.pch"; sourceTree = "<group>"; xcLanguageSpecificationIdentifier = xcode.lang.objc; };
		AEA3B54E1730E6C700786DA2 /* AppDelegate.h */ = {isa = PBXFileReference; lastKnownFileType = sourcecode.c.h; lineEnding = 0; path = AppDelegate.h; sourceTree = "<group>"; xcLanguageSpecificationIdentifier = xcode.lang.objcpp; };
		AEA3B54F1730E6C700786DA2 /* AppDelegate.m */ = {isa = PBXFileReference; lastKnownFileType = sourcecode.c.objc; lineEnding = 0; path = AppDelegate.m; sourceTree = "<group>"; xcLanguageSpecificationIdentifier = xcode.lang.objc; };
		AEA3B5511730E6C700786DA2 /* Default.png */ = {isa = PBXFileReference; lastKnownFileType = image.png; path = Default.png; sourceTree = "<group>"; };
		AEA3B5531730E6C700786DA2 /* Default@2x.png */ = {isa = PBXFileReference; lastKnownFileType = image.png; path = "Default@2x.png"; sourceTree = "<group>"; };
		AEA3B5551730E6C700786DA2 /* Default-568h@2x.png */ = {isa = PBXFileReference; lastKnownFileType = image.png; path = "Default-568h@2x.png"; sourceTree = "<group>"; };
		AEA3B5581730E6C700786DA2 /* en */ = {isa = PBXFileReference; lastKnownFileType = file.storyboard; name = en; path = en.lproj/MainStoryboard_iPhone.storyboard; sourceTree = "<group>"; };
		AEA3B55B1730E6C700786DA2 /* en */ = {isa = PBXFileReference; lastKnownFileType = file.storyboard; name = en; path = en.lproj/MainStoryboard_iPad.storyboard; sourceTree = "<group>"; };
		AEA3B55D1730E6C700786DA2 /* GalleryViewController.hpp */ = {isa = PBXFileReference; lastKnownFileType = sourcecode.cpp.h; lineEnding = 0; path = GalleryViewController.hpp; sourceTree = "<group>"; xcLanguageSpecificationIdentifier = xcode.lang.objcpp; };
		AEA3B55E1730E6C700786DA2 /* GalleryViewController.mm */ = {isa = PBXFileReference; lastKnownFileType = sourcecode.cpp.objcpp; lineEnding = 0; path = GalleryViewController.mm; sourceTree = "<group>"; xcLanguageSpecificationIdentifier = xcode.lang.objc; };
		AEA3B5781732327200786DA2 /* ShaderViewController.h */ = {isa = PBXFileReference; fileEncoding = 4; lastKnownFileType = sourcecode.c.h; lineEnding = 0; path = ShaderViewController.h; sourceTree = "<group>"; xcLanguageSpecificationIdentifier = xcode.lang.objcpp; };
		AEA3B5791732327200786DA2 /* ShaderViewController.m */ = {isa = PBXFileReference; fileEncoding = 4; lastKnownFileType = sourcecode.c.objc; lineEnding = 0; path = ShaderViewController.m; sourceTree = "<group>"; xcLanguageSpecificationIdentifier = xcode.lang.objc; };
		AEA3B58417360BBA00786DA2 /* ShaderMenuViewController.h */ = {isa = PBXFileReference; fileEncoding = 4; lastKnownFileType = sourcecode.c.h; lineEnding = 0; path = ShaderMenuViewController.h; sourceTree = "<group>"; xcLanguageSpecificationIdentifier = xcode.lang.objcpp; };
		AEA3B58517360BBA00786DA2 /* ShaderMenuViewController.m */ = {isa = PBXFileReference; fileEncoding = 4; lastKnownFileType = sourcecode.c.objc; lineEnding = 0; path = ShaderMenuViewController.m; sourceTree = "<group>"; xcLanguageSpecificationIdentifier = xcode.lang.objc; };
		AEA3B58C1736E82A00786DA2 /* ShaderMenuCell.h */ = {isa = PBXFileReference; fileEncoding = 4; lastKnownFileType = sourcecode.c.h; lineEnding = 0; path = ShaderMenuCell.h; sourceTree = "<group>"; xcLanguageSpecificationIdentifier = xcode.lang.objcpp; };
		AEA3B58D1736E82A00786DA2 /* ShaderMenuCell.m */ = {isa = PBXFileReference; fileEncoding = 4; lastKnownFileType = sourcecode.c.objc; lineEnding = 0; path = ShaderMenuCell.m; sourceTree = "<group>"; xcLanguageSpecificationIdentifier = xcode.lang.objc; };
		AEADD6F41803DB28001C57B5 /* ShaderRequest.h */ = {isa = PBXFileReference; fileEncoding = 4; lastKnownFileType = sourcecode.c.h; name = ShaderRequest.h; path = Shadertoy/ShaderRequest.h; sourceTree = SOURCE_ROOT; };
		AEADD6F51803DB28001C57B5 /* ShaderRequest.m */ = {isa = PBXFileReference; fileEncoding = 4; lastKnownFileType = sourcecode.c.objc; name = ShaderRequest.m; path = Shadertoy/ShaderRequest.m; sourceTree = SOURCE_ROOT; };
		AEADD6F71803FF89001C57B5 /* ShaderToyDefines.h */ = {isa = PBXFileReference; lastKnownFileType = sourcecode.c.h; name = ShaderToyDefines.h; path = Shadertoy/ShaderToyDefines.h; sourceTree = SOURCE_ROOT; };
		AEAE17F3174B637000764D5B /* Plane.h */ = {isa = PBXFileReference; fileEncoding = 4; lastKnownFileType = sourcecode.c.h; lineEnding = 0; path = Plane.h; sourceTree = "<group>"; xcLanguageSpecificationIdentifier = xcode.lang.objcpp; };
		AEAE17F4174B637000764D5B /* Plane.m */ = {isa = PBXFileReference; fileEncoding = 4; lastKnownFileType = sourcecode.c.objc; lineEnding = 0; path = Plane.m; sourceTree = "<group>"; xcLanguageSpecificationIdentifier = xcode.lang.objc; };
		AEAEEA6717422B1D003F74D3 /* Social.framework */ = {isa = PBXFileReference; lastKnownFileType = wrapper.framework; name = Social.framework; path = System/Library/Frameworks/Social.framework; sourceTree = SDKROOT; };
		AEB028261753F26100757AF8 /* ShaderView.h */ = {isa = PBXFileReference; fileEncoding = 4; lastKnownFileType = sourcecode.c.h; lineEnding = 0; path = ShaderView.h; sourceTree = "<group>"; xcLanguageSpecificationIdentifier = xcode.lang.objcpp; };
		AEB028271753F26100757AF8 /* ShaderView.m */ = {isa = PBXFileReference; fileEncoding = 4; lastKnownFileType = sourcecode.c.objc; lineEnding = 0; path = ShaderView.m; sourceTree = "<group>"; xcLanguageSpecificationIdentifier = xcode.lang.objc; };
		AEBC415B177444AF0024D73C /* ChannelResourceManager.h */ = {isa = PBXFileReference; fileEncoding = 4; lastKnownFileType = sourcecode.c.h; lineEnding = 0; path = ChannelResourceManager.h; sourceTree = "<group>"; xcLanguageSpecificationIdentifier = xcode.lang.objcpp; };
		AEBC415C177444AF0024D73C /* ChannelResourceManager.m */ = {isa = PBXFileReference; fileEncoding = 4; lastKnownFileType = sourcecode.c.objc; lineEnding = 0; path = ChannelResourceManager.m; sourceTree = "<group>"; xcLanguageSpecificationIdentifier = xcode.lang.objc; };
		AEBC415E1776D2F80024D73C /* logo.json */ = {isa = PBXFileReference; fileEncoding = 4; lastKnownFileType = text.json; lineEnding = 0; path = logo.json; sourceTree = "<group>"; xcLanguageSpecificationIdentifier = xcode.lang.javascript; };
		AEBC41601777FE290024D73C /* background.png */ = {isa = PBXFileReference; lastKnownFileType = image.png; path = background.png; sourceTree = "<group>"; };
		AEBF32A21757503A00DEEF71 /* Default@2x.png */ = {isa = PBXFileReference; lastKnownFileType = image.png; name = "Default@2x.png"; path = "../Default@2x.png"; sourceTree = "<group>"; };
		AEBF32A41757504400DEEF71 /* Default.png */ = {isa = PBXFileReference; lastKnownFileType = image.png; name = Default.png; path = ../Default.png; sourceTree = "<group>"; };
		AEBF32A61757504C00DEEF71 /* Default-568h@2x.png */ = {isa = PBXFileReference; lastKnownFileType = image.png; name = "Default-568h@2x.png"; path = "../Default-568h@2x.png"; sourceTree = "<group>"; };
		AEBF32A81757506B00DEEF71 /* Default-Portrait~ipad.png */ = {isa = PBXFileReference; lastKnownFileType = image.png; name = "Default-Portrait~ipad.png"; path = "../Default-Portrait~ipad.png"; sourceTree = "<group>"; };
		AEBF32AA1757506D00DEEF71 /* Default-Portrait@2x~ipad.png */ = {isa = PBXFileReference; lastKnownFileType = image.png; name = "Default-Portrait@2x~ipad.png"; path = "../Default-Portrait@2x~ipad.png"; sourceTree = "<group>"; };
		AEBF32AC1757507300DEEF71 /* Default-Landscape~ipad.png */ = {isa = PBXFileReference; lastKnownFileType = image.png; name = "Default-Landscape~ipad.png"; path = "../Default-Landscape~ipad.png"; sourceTree = "<group>"; };
		AEBF32AE1757507500DEEF71 /* Default-Landscape@2x~ipad.png */ = {isa = PBXFileReference; lastKnownFileType = image.png; name = "Default-Landscape@2x~ipad.png"; path = "../Default-Landscape@2x~ipad.png"; sourceTree = "<group>"; };
		AEBF32B2176457EB00DEEF71 /* ShaderManager.h */ = {isa = PBXFileReference; fileEncoding = 4; lastKnownFileType = sourcecode.c.h; lineEnding = 0; path = ShaderManager.h; sourceTree = "<group>"; xcLanguageSpecificationIdentifier = xcode.lang.objcpp; };
		AEBF32B3176457EB00DEEF71 /* ShaderManager.m */ = {isa = PBXFileReference; fileEncoding = 4; lastKnownFileType = sourcecode.c.objc; lineEnding = 0; path = ShaderManager.m; sourceTree = "<group>"; xcLanguageSpecificationIdentifier = xcode.lang.objc; };
		AEC8A5CF179905BA0040AAEF /* logo-text.png */ = {isa = PBXFileReference; lastKnownFileType = image.png; name = "logo-text.png"; path = "Art/logo-text.png"; sourceTree = SOURCE_ROOT; };
		AED5F46617FBFB1E003F6B6F /* Shadertoy.entitlements */ = {isa = PBXFileReference; lastKnownFileType = text.xml; name = Shadertoy.entitlements; path = Shadertoy/Shadertoy.entitlements; sourceTree = SOURCE_ROOT; };
		AED8869117D085DD00093573 /* loading.png */ = {isa = PBXFileReference; lastKnownFileType = image.png; path = loading.png; sourceTree = "<group>"; };
		E297418317D0807500D39049 /* AudioController.hpp */ = {isa = PBXFileReference; fileEncoding = 4; lastKnownFileType = sourcecode.cpp.h; path = AudioController.hpp; sourceTree = "<group>"; };
		E297418417D0807500D39049 /* AudioController.mm */ = {isa = PBXFileReference; fileEncoding = 4; lastKnownFileType = sourcecode.cpp.objcpp; path = AudioController.mm; sourceTree = "<group>"; };
		E297418617D0809F00D39049 /* AudioToolbox.framework */ = {isa = PBXFileReference; lastKnownFileType = wrapper.framework; name = AudioToolbox.framework; path = System/Library/Frameworks/AudioToolbox.framework; sourceTree = SDKROOT; };
		E297418817D08DAD00D39049 /* FFTBufferManager.cpp */ = {isa = PBXFileReference; fileEncoding = 4; lastKnownFileType = sourcecode.cpp.cpp; path = FFTBufferManager.cpp; sourceTree = "<group>"; };
		E297418917D08DAD00D39049 /* FFTBufferManager.hpp */ = {isa = PBXFileReference; fileEncoding = 4; lastKnownFileType = sourcecode.cpp.h; path = FFTBufferManager.hpp; sourceTree = "<group>"; };
/* End PBXFileReference section */

/* Begin PBXFrameworksBuildPhase section */
		AEA3B5391730E6C700786DA2 /* Frameworks */ = {
			isa = PBXFrameworksBuildPhase;
			buildActionMask = 2147483647;
			files = (
				E297418717D0809F00D39049 /* AudioToolbox.framework in Frameworks */,
				AE970B71178F258C00DD17F3 /* Accelerate.framework in Frameworks */,
				AEAEEA6817422B1D003F74D3 /* Social.framework in Frameworks */,
				AE933D6F173A3AE6009EAF41 /* QuartzCore.framework in Frameworks */,
				AE933D611736F731009EAF41 /* GLKit.framework in Frameworks */,
				AE933D5F1736F725009EAF41 /* OpenGLES.framework in Frameworks */,
				AEA3B5401730E6C700786DA2 /* UIKit.framework in Frameworks */,
				AEA3B5421730E6C700786DA2 /* Foundation.framework in Frameworks */,
				AEA3B5441730E6C700786DA2 /* CoreGraphics.framework in Frameworks */,
			);
			runOnlyForDeploymentPostprocessing = 0;
		};
/* End PBXFrameworksBuildPhase section */

/* Begin PBXGroup section */
		AE1EF6061771921000A1251C /* Data */ = {
			isa = PBXGroup;
			children = (
				AE1EF6071771923000A1251C /* ShaderInfo.h */,
				AE1EF6081771923000A1251C /* ShaderInfo.m */,
				AEADD6F41803DB28001C57B5 /* ShaderRequest.h */,
				AEADD6F51803DB28001C57B5 /* ShaderRequest.m */,
			);
			name = Data;
			sourceTree = "<group>";
		};
		AE5CAB841797B838000924C3 /* App Icons [Squared] */ = {
			isa = PBXGroup;
			children = (
				AE5CAB9F1797B873000924C3 /* Icon-72@2x.png */,
				AE5CAB9D1797B870000924C3 /* Icon-72.png */,
				AE5CAB9B1797B85A000924C3 /* Icon@2x.png */,
				AE5CAB991797B856000924C3 /* Icon.png */,
				AE5CAB871797B838000924C3 /* Icon-Small-50.png */,
				AE5CAB881797B838000924C3 /* Icon-Small-50@2x.png */,
				AE5CAB891797B838000924C3 /* Icon-Small.png */,
				AE5CAB8A1797B838000924C3 /* Icon-Small@2x.png */,
			);
			path = "App Icons [Squared]";
			sourceTree = "<group>";
		};
		AE5CABC6179BD925000924C3 /* SWRevealViewController */ = {
			isa = PBXGroup;
			children = (
				AE5CABC7179BD925000924C3 /* SWRevealViewController.h */,
				AE5CABC8179BD925000924C3 /* SWRevealViewController.m */,
			);
			name = SWRevealViewController;
			path = Shadertoy/SWRevealViewController/SWRevealViewController;
			sourceTree = SOURCE_ROOT;
		};
		AE85EAC617933D950090DC1F /* Overlay */ = {
			isa = PBXGroup;
			children = (
				AE85EAC717933DEE0090DC1F /* ShaderInfoViewController.h */,
				AE85EAC817933DEE0090DC1F /* ShaderInfoViewController.m */,
			);
			name = Overlay;
			sourceTree = "<group>";
		};
		AEA3B5331730E6C700786DA2 = {
			isa = PBXGroup;
			children = (
				AEA3B5451730E6C700786DA2 /* Shadertoy */,
				AEA3B53E1730E6C700786DA2 /* Frameworks */,
				AEA3B53D1730E6C700786DA2 /* Products */,
			);
			sourceTree = "<group>";
		};
		AEA3B53D1730E6C700786DA2 /* Products */ = {
			isa = PBXGroup;
			children = (
				AEA3B53C1730E6C700786DA2 /* Shadertoy.app */,
			);
			name = Products;
			sourceTree = "<group>";
		};
		AEA3B53E1730E6C700786DA2 /* Frameworks */ = {
			isa = PBXGroup;
			children = (
				E297418617D0809F00D39049 /* AudioToolbox.framework */,
				AE970B70178F258C00DD17F3 /* Accelerate.framework */,
				AEAEEA6717422B1D003F74D3 /* Social.framework */,
				AE933D6E173A3AE6009EAF41 /* QuartzCore.framework */,
				AEA3B5431730E6C700786DA2 /* CoreGraphics.framework */,
				AEA3B5411730E6C700786DA2 /* Foundation.framework */,
				AE933D601736F731009EAF41 /* GLKit.framework */,
				AE933D5E1736F725009EAF41 /* OpenGLES.framework */,
				AEA3B53F1730E6C700786DA2 /* UIKit.framework */,
			);
			name = Frameworks;
			sourceTree = "<group>";
		};
		AEA3B5451730E6C700786DA2 /* Shadertoy */ = {
			isa = PBXGroup;
			children = (
				AED5F46617FBFB1E003F6B6F /* Shadertoy.entitlements */,
				E297418217D0806700D39049 /* Audio */,
				AEA3B58B1736E7C500786DA2 /* Components */,
				AEAE17F2174B635600764D5B /* Rendering */,
				AE1EF6061771921000A1251C /* Data */,
				AE85EAC617933D950090DC1F /* Overlay */,
				AEA3B54E1730E6C700786DA2 /* AppDelegate.h */,
				AEA3B54F1730E6C700786DA2 /* AppDelegate.m */,
				AEA3B55D1730E6C700786DA2 /* GalleryViewController.hpp */,
				AEA3B55E1730E6C700786DA2 /* GalleryViewController.mm */,
				AEA3B58C1736E82A00786DA2 /* ShaderMenuCell.h */,
				AEA3B58D1736E82A00786DA2 /* ShaderMenuCell.m */,
				AEA3B58417360BBA00786DA2 /* ShaderMenuViewController.h */,
				AEA3B58517360BBA00786DA2 /* ShaderMenuViewController.m */,
				AEA3B5781732327200786DA2 /* ShaderViewController.h */,
				AEA3B5791732327200786DA2 /* ShaderViewController.m */,
				AEB028261753F26100757AF8 /* ShaderView.h */,
				AEB028271753F26100757AF8 /* ShaderView.m */,
				AEADD6F71803FF89001C57B5 /* ShaderToyDefines.h */,
				AEA3B55A1730E6C700786DA2 /* MainStoryboard_iPad.storyboard */,
				AEA3B5571730E6C700786DA2 /* MainStoryboard_iPhone.storyboard */,
				AEA3B5691731104A00786DA2 /* Resources */,
				AEA3B5461730E6C700786DA2 /* Supporting Files */,
			);
			name = Shadertoy;
			path = ShaderToy;
			sourceTree = "<group>";
		};
		AEA3B5461730E6C700786DA2 /* Supporting Files */ = {
			isa = PBXGroup;
			children = (
				AEBF32AE1757507500DEEF71 /* Default-Landscape@2x~ipad.png */,
				AEBF32AC1757507300DEEF71 /* Default-Landscape~ipad.png */,
				AEBF32AA1757506D00DEEF71 /* Default-Portrait@2x~ipad.png */,
				AEBF32A81757506B00DEEF71 /* Default-Portrait~ipad.png */,
				AEBF32A61757504C00DEEF71 /* Default-568h@2x.png */,
				AEBF32A41757504400DEEF71 /* Default.png */,
				AEBF32A21757503A00DEEF71 /* Default@2x.png */,
				AEA3B5471730E6C700786DA2 /* Shadertoy-Info.plist */,
				AEA3B5481730E6C700786DA2 /* InfoPlist.strings */,
				AEA3B54B1730E6C700786DA2 /* main.m */,
				AEA3B54D1730E6C700786DA2 /* Shadertoy-Prefix.pch */,
				AEA3B5511730E6C700786DA2 /* Default.png */,
				AEA3B5531730E6C700786DA2 /* Default@2x.png */,
				AEA3B5551730E6C700786DA2 /* Default-568h@2x.png */,
			);
			name = "Supporting Files";
			sourceTree = "<group>";
		};
		AEA3B5691731104A00786DA2 /* Resources */ = {
			isa = PBXGroup;
			children = (
				AE933D6217370EE0009EAF41 /* cellbg.png */,
				AEBC41601777FE290024D73C /* background.png */,
				AEC8A5CF179905BA0040AAEF /* logo-text.png */,
				AED8869117D085DD00093573 /* loading.png */,
				AE5CAB841797B838000924C3 /* App Icons [Squared] */,
				AEA3B5931736EE9100786DA2 /* Icons */,
				AE933D581736F601009EAF41 /* Shader.vsh */,
				AEBC415E1776D2F80024D73C /* logo.json */,
			);
			name = Resources;
			sourceTree = "<group>";
		};
		AEA3B58B1736E7C500786DA2 /* Components */ = {
			isa = PBXGroup;
			children = (
				AE5CABC6179BD925000924C3 /* SWRevealViewController */,
			);
			name = Components;
			sourceTree = "<group>";
		};
		AEA3B5931736EE9100786DA2 /* Icons */ = {
			isa = PBXGroup;
			children = (
				AE5CABCA179C8570000924C3 /* eye_selected.png */,
				AE5CABB317992900000924C3 /* fire_selected.png */,
				AE5CABB417992900000924C3 /* love_hollow_selected.png */,
				AE5CABB517992900000924C3 /* love_selected.png */,
				AE5CABB617992900000924C3 /* menu_selected.png */,
				AE5CABB717992900000924C3 /* share_selected.png */,
				AE5CABB817992900000924C3 /* time_selected.png */,
				AE5CABB11798FF35000924C3 /* logo-toolbar.png */,
				AE5CABCB179C8570000924C3 /* eye.png */,
				AE5CABAD1798FBEC000924C3 /* fire.png */,
				AE5CABA51798F843000924C3 /* love.png */,
				AE5CABAF1798FCA9000924C3 /* love_hollow.png */,
				AE5CABA61798F843000924C3 /* menu.png */,
				AE5CABA71798F843000924C3 /* share.png */,
				AE5CABA81798F843000924C3 /* time.png */,
			);
			name = Icons;
			sourceTree = "<group>";
		};
		AEAE17F2174B635600764D5B /* Rendering */ = {
			isa = PBXGroup;
			children = (
				AEBF32B2176457EB00DEEF71 /* ShaderManager.h */,
				AEBF32B3176457EB00DEEF71 /* ShaderManager.m */,
				AEBC415B177444AF0024D73C /* ChannelResourceManager.h */,
				AEBC415C177444AF0024D73C /* ChannelResourceManager.m */,
				AEAE17F3174B637000764D5B /* Plane.h */,
				AEAE17F4174B637000764D5B /* Plane.m */,
			);
			name = Rendering;
			sourceTree = "<group>";
		};
		E297418217D0806700D39049 /* Audio */ = {
			isa = PBXGroup;
			children = (
				E297418917D08DAD00D39049 /* FFTBufferManager.hpp */,
				E297418817D08DAD00D39049 /* FFTBufferManager.cpp */,
				E297418317D0807500D39049 /* AudioController.hpp */,
				E297418417D0807500D39049 /* AudioController.mm */,
			);
			name = Audio;
			sourceTree = "<group>";
		};
/* End PBXGroup section */

/* Begin PBXNativeTarget section */
		AEA3B53B1730E6C700786DA2 /* Shadertoy */ = {
			isa = PBXNativeTarget;
			buildConfigurationList = AEA3B5621730E6C700786DA2 /* Build configuration list for PBXNativeTarget "Shadertoy" */;
			buildPhases = (
				AEA3B5381730E6C700786DA2 /* Sources */,
				AEA3B5391730E6C700786DA2 /* Frameworks */,
				AEA3B53A1730E6C700786DA2 /* Resources */,
			);
			buildRules = (
			);
			dependencies = (
			);
			name = Shadertoy;
			productName = ShaderToy;
			productReference = AEA3B53C1730E6C700786DA2 /* Shadertoy.app */;
			productType = "com.apple.product-type.application";
		};
/* End PBXNativeTarget section */

/* Begin PBXProject section */
		AEA3B5341730E6C700786DA2 /* Project object */ = {
			isa = PBXProject;
			attributes = {
				LastUpgradeCheck = 0460;
				ORGANIZATIONNAME = "Ricardo Chavarria";
				TargetAttributes = {
					AEA3B53B1730E6C700786DA2 = {
						DevelopmentTeam = S6BWLQXDC7;
					};
				};
			};
			buildConfigurationList = AEA3B5371730E6C700786DA2 /* Build configuration list for PBXProject "Shadertoy" */;
			compatibilityVersion = "Xcode 3.2";
			developmentRegion = English;
			hasScannedForEncodings = 0;
			knownRegions = (
				en,
			);
			mainGroup = AEA3B5331730E6C700786DA2;
			productRefGroup = AEA3B53D1730E6C700786DA2 /* Products */;
			projectDirPath = "";
			projectRoot = "";
			targets = (
				AEA3B53B1730E6C700786DA2 /* Shadertoy */,
			);
		};
/* End PBXProject section */

/* Begin PBXResourcesBuildPhase section */
		AEA3B53A1730E6C700786DA2 /* Resources */ = {
			isa = PBXResourcesBuildPhase;
			buildActionMask = 2147483647;
			files = (
				AEA3B54A1730E6C700786DA2 /* InfoPlist.strings in Resources */,
				AEBC41621777FE290024D73C /* background.png in Resources */,
				AEA3B5591730E6C700786DA2 /* MainStoryboard_iPhone.storyboard in Resources */,
				AEA3B55C1730E6C700786DA2 /* MainStoryboard_iPad.storyboard in Resources */,
				AE933D6317370EE0009EAF41 /* cellbg.png in Resources */,
				AEC8A5D0179905BA0040AAEF /* logo-text.png in Resources */,
				AEBC415F1776D2F80024D73C /* logo.json in Resources */,
				AE933D71173A4B6E009EAF41 /* Shader.vsh in Resources */,
				AEBF32A31757503A00DEEF71 /* Default@2x.png in Resources */,
				AEBF32A51757504400DEEF71 /* Default.png in Resources */,
				AEBF32A71757504C00DEEF71 /* Default-568h@2x.png in Resources */,
				AEBF32A91757506B00DEEF71 /* Default-Portrait~ipad.png in Resources */,
				AEBF32AB1757506D00DEEF71 /* Default-Portrait@2x~ipad.png in Resources */,
				AEBF32AD1757507300DEEF71 /* Default-Landscape~ipad.png in Resources */,
				AEBF32AF1757507500DEEF71 /* Default-Landscape@2x~ipad.png in Resources */,
				AE5CAB911797B838000924C3 /* Icon-Small-50.png in Resources */,
				AE5CAB921797B838000924C3 /* Icon-Small-50@2x.png in Resources */,
				AE5CAB931797B838000924C3 /* Icon-Small.png in Resources */,
				AE5CAB941797B838000924C3 /* Icon-Small@2x.png in Resources */,
				AE5CAB9A1797B856000924C3 /* Icon.png in Resources */,
				AE5CAB9C1797B85A000924C3 /* Icon@2x.png in Resources */,
				AE5CAB9E1797B870000924C3 /* Icon-72.png in Resources */,
				AE5CABA01797B873000924C3 /* Icon-72@2x.png in Resources */,
				AE5CABA91798F843000924C3 /* love.png in Resources */,
				AE5CABAA1798F843000924C3 /* menu.png in Resources */,
				AE5CABAB1798F843000924C3 /* share.png in Resources */,
				AE5CABAC1798F843000924C3 /* time.png in Resources */,
				AE5CABAE1798FBEC000924C3 /* fire.png in Resources */,
				AE5CABB01798FCA9000924C3 /* love_hollow.png in Resources */,
				AE5CABB21798FF35000924C3 /* logo-toolbar.png in Resources */,
				AE5CABB917992900000924C3 /* fire_selected.png in Resources */,
				AE5CABBA17992900000924C3 /* love_hollow_selected.png in Resources */,
				AE5CABBB17992900000924C3 /* love_selected.png in Resources */,
				AE5CABBC17992900000924C3 /* menu_selected.png in Resources */,
				AE5CABBD17992900000924C3 /* share_selected.png in Resources */,
				AE5CABBE17992900000924C3 /* time_selected.png in Resources */,
				AE5CABCC179C8570000924C3 /* eye_selected.png in Resources */,
				AE5CABCD179C8570000924C3 /* eye.png in Resources */,
				AED8869217D085DD00093573 /* loading.png in Resources */,
			);
			runOnlyForDeploymentPostprocessing = 0;
		};
/* End PBXResourcesBuildPhase section */

/* Begin PBXSourcesBuildPhase section */
		AEA3B5381730E6C700786DA2 /* Sources */ = {
			isa = PBXSourcesBuildPhase;
			buildActionMask = 2147483647;
			files = (
				AEBC415D177444AF0024D73C /* ChannelResourceManager.m in Sources */,
				AEBC414F1771B3B40024D73C /* ShaderInfo.m in Sources */,
				AEA3B54C1730E6C700786DA2 /* main.m in Sources */,
				AEA3B5501730E6C700786DA2 /* AppDelegate.m in Sources */,
				AEA3B55F1730E6C700786DA2 /* GalleryViewController.mm in Sources */,
				AEA3B57B1732327200786DA2 /* ShaderViewController.m in Sources */,
				AEA3B58617360BBA00786DA2 /* ShaderMenuViewController.m in Sources */,
				AEA3B58E1736E82A00786DA2 /* ShaderMenuCell.m in Sources */,
				AEAE17F5174B637000764D5B /* Plane.m in Sources */,
				AEB028281753F26100757AF8 /* ShaderView.m in Sources */,
				AEADD6F61803DB28001C57B5 /* ShaderRequest.m in Sources */,
				AEBF32B4176457EB00DEEF71 /* ShaderManager.m in Sources */,
				AE85EACA17933DEE0090DC1F /* ShaderInfoViewController.m in Sources */,
				AE5CABC9179BD925000924C3 /* SWRevealViewController.m in Sources */,
				E297418517D0807500D39049 /* AudioController.mm in Sources */,
				E297418A17D08DAD00D39049 /* FFTBufferManager.cpp in Sources */,
			);
			runOnlyForDeploymentPostprocessing = 0;
		};
/* End PBXSourcesBuildPhase section */

/* Begin PBXVariantGroup section */
		AEA3B5481730E6C700786DA2 /* InfoPlist.strings */ = {
			isa = PBXVariantGroup;
			children = (
				AEA3B5491730E6C700786DA2 /* en */,
			);
			name = InfoPlist.strings;
			sourceTree = "<group>";
		};
		AEA3B5571730E6C700786DA2 /* MainStoryboard_iPhone.storyboard */ = {
			isa = PBXVariantGroup;
			children = (
				AEA3B5581730E6C700786DA2 /* en */,
			);
			name = MainStoryboard_iPhone.storyboard;
			sourceTree = "<group>";
		};
		AEA3B55A1730E6C700786DA2 /* MainStoryboard_iPad.storyboard */ = {
			isa = PBXVariantGroup;
			children = (
				AEA3B55B1730E6C700786DA2 /* en */,
			);
			name = MainStoryboard_iPad.storyboard;
			sourceTree = "<group>";
		};
/* End PBXVariantGroup section */

/* Begin XCBuildConfiguration section */
		AEA3B5601730E6C700786DA2 /* Debug */ = {
			isa = XCBuildConfiguration;
			buildSettings = {
				ALWAYS_SEARCH_USER_PATHS = NO;
				CLANG_CXX_LANGUAGE_STANDARD = "gnu++0x";
				CLANG_CXX_LIBRARY = "libc++";
				CLANG_ENABLE_OBJC_ARC = YES;
				CLANG_WARN_CONSTANT_CONVERSION = YES;
				CLANG_WARN_EMPTY_BODY = YES;
				CLANG_WARN_ENUM_CONVERSION = YES;
				CLANG_WARN_INT_CONVERSION = YES;
				CLANG_WARN__DUPLICATE_METHOD_MATCH = YES;
				"CODE_SIGN_IDENTITY[sdk=iphoneos*]" = "iPhone Developer";
				COPY_PHASE_STRIP = NO;
				GCC_C_LANGUAGE_STANDARD = gnu99;
				GCC_DYNAMIC_NO_PIC = NO;
				GCC_OPTIMIZATION_LEVEL = 0;
				GCC_PREPROCESSOR_DEFINITIONS = (
					"DEBUG=1",
					"$(inherited)",
				);
				GCC_SYMBOLS_PRIVATE_EXTERN = NO;
				GCC_WARN_ABOUT_RETURN_TYPE = YES;
				GCC_WARN_UNINITIALIZED_AUTOS = YES;
				GCC_WARN_UNUSED_VARIABLE = YES;
				IPHONEOS_DEPLOYMENT_TARGET = 6.1;
				ONLY_ACTIVE_ARCH = YES;
				SDKROOT = iphoneos;
				TARGETED_DEVICE_FAMILY = "1,2";
			};
			name = Debug;
		};
		AEA3B5611730E6C700786DA2 /* Release */ = {
			isa = XCBuildConfiguration;
			buildSettings = {
				ALWAYS_SEARCH_USER_PATHS = NO;
				CLANG_CXX_LANGUAGE_STANDARD = "gnu++0x";
				CLANG_CXX_LIBRARY = "libc++";
				CLANG_ENABLE_OBJC_ARC = YES;
				CLANG_WARN_CONSTANT_CONVERSION = YES;
				CLANG_WARN_EMPTY_BODY = YES;
				CLANG_WARN_ENUM_CONVERSION = YES;
				CLANG_WARN_INT_CONVERSION = YES;
				CLANG_WARN__DUPLICATE_METHOD_MATCH = YES;
				"CODE_SIGN_IDENTITY[sdk=iphoneos*]" = "iPhone Developer";
				COPY_PHASE_STRIP = YES;
				GCC_C_LANGUAGE_STANDARD = gnu99;
				GCC_WARN_ABOUT_RETURN_TYPE = YES;
				GCC_WARN_UNINITIALIZED_AUTOS = YES;
				GCC_WARN_UNUSED_VARIABLE = YES;
				IPHONEOS_DEPLOYMENT_TARGET = 6.1;
				OTHER_CFLAGS = "-DNS_BLOCK_ASSERTIONS=1";
				SDKROOT = iphoneos;
				TARGETED_DEVICE_FAMILY = "1,2";
				VALIDATE_PRODUCT = YES;
			};
			name = Release;
		};
		AEA3B5631730E6C700786DA2 /* Debug */ = {
			isa = XCBuildConfiguration;
			buildSettings = {
				CODE_SIGN_ENTITLEMENTS = Shadertoy/Shadertoy.entitlements;
				CODE_SIGN_IDENTITY = "iPhone Developer";
				"CODE_SIGN_IDENTITY[sdk=iphoneos*]" = "iPhone Developer";
				GCC_PRECOMPILE_PREFIX_HEADER = YES;
				GCC_PREFIX_HEADER = "ShaderToy/Shadertoy-Prefix.pch";
				INFOPLIST_FILE = "$(SRCROOT)/ShaderToy/Shadertoy-Info.plist";
				PRODUCT_NAME = Shadertoy;
				PROVISIONING_PROFILE = "";
				WRAPPER_EXTENSION = app;
			};
			name = Debug;
		};
		AEA3B5641730E6C700786DA2 /* Release */ = {
			isa = XCBuildConfiguration;
			buildSettings = {
				CODE_SIGN_ENTITLEMENTS = Shadertoy/Shadertoy.entitlements;
				CODE_SIGN_IDENTITY = "iPhone Developer";
				"CODE_SIGN_IDENTITY[sdk=iphoneos*]" = "iPhone Developer";
				GCC_PRECOMPILE_PREFIX_HEADER = YES;
				GCC_PREFIX_HEADER = "ShaderToy/Shadertoy-Prefix.pch";
				INFOPLIST_FILE = "$(SRCROOT)/ShaderToy/Shadertoy-Info.plist";
				PRODUCT_NAME = Shadertoy;
				PROVISIONING_PROFILE = "";
				WRAPPER_EXTENSION = app;
			};
			name = Release;
		};
/* End XCBuildConfiguration section */

/* Begin XCConfigurationList section */
		AEA3B5371730E6C700786DA2 /* Build configuration list for PBXProject "Shadertoy" */ = {
			isa = XCConfigurationList;
			buildConfigurations = (
				AEA3B5601730E6C700786DA2 /* Debug */,
				AEA3B5611730E6C700786DA2 /* Release */,
			);
			defaultConfigurationIsVisible = 0;
			defaultConfigurationName = Release;
		};
		AEA3B5621730E6C700786DA2 /* Build configuration list for PBXNativeTarget "Shadertoy" */ = {
			isa = XCConfigurationList;
			buildConfigurations = (
				AEA3B5631730E6C700786DA2 /* Debug */,
				AEA3B5641730E6C700786DA2 /* Release */,
			);
			defaultConfigurationIsVisible = 0;
			defaultConfigurationName = Release;
		};
/* End XCConfigurationList section */
	};
	rootObject = AEA3B5341730E6C700786DA2 /* Project object */;
}
